
Microsoft Visual Studio Solution File, Format Version 12.00
# Visual Studio 14
VisualStudioVersion = 14.0.23107.0
MinimumVisualStudioVersion = 10.0.40219.1
Project("{FAE04EC0-301F-11D3-BF4B-00C04F79EFBC}") = "RemoveEphesoftOutputFolder", "RemoveEphesoftOutputFolder\RemoveEphesoftOutputFolder.csproj", "{7A42EAD6-AA51-47A7-B61C-9EACFC5151B9}"
EndProject
Project("{FAE04EC0-301F-11D3-BF4B-00C04F79EFBC}") = "DataBlock", "..\..\..\..\..\FirstBank_Source\trunk\IntellaLendBlocks\DataBlock\DataBlock.csproj", "{CD785CAB-F697-49E4-827C-22BFDF195F5C}"
EndProject
Project("{FAE04EC0-301F-11D3-BF4B-00C04F79EFBC}") = "ExceptionBlock", "..\..\..\IntellaLendBlocks\ExceptionBlock\ExceptionBlock.csproj", "{7E93826A-4881-47EB-A61B-C1F3ABF921D2}"
EndProject
Global
	GlobalSection(SolutionConfigurationPlatforms) = preSolution
		Debug|Any CPU = Debug|Any CPU
		Release|Any CPU = Release|Any CPU
	EndGlobalSection
	GlobalSection(ProjectConfigurationPlatforms) = postSolution
		{7A42EAD6-AA51-47A7-B61C-9EACFC5151B9}.Debug|Any CPU.ActiveCfg = Debug|Any CPU
		{7A42EAD6-AA51-47A7-B61C-9EACFC5151B9}.Debug|Any CPU.Build.0 = Debug|Any CPU
		{7A42EAD6-AA51-47A7-B61C-9EACFC5151B9}.Release|Any CPU.ActiveCfg = Release|Any CPU
		{7A42EAD6-AA51-47A7-B61C-9EACFC5151B9}.Release|Any CPU.Build.0 = Release|Any CPU
		{CD785CAB-F697-49E4-827C-22BFDF195F5C}.Debug|Any CPU.ActiveCfg = Debug|Any CPU
		{CD785CAB-F697-49E4-827C-22BFDF195F5C}.Debug|Any CPU.Build.0 = Debug|Any CPU
		{CD785CAB-F697-49E4-827C-22BFDF195F5C}.Release|Any CPU.ActiveCfg = Release|Any CPU
		{CD785CAB-F697-49E4-827C-22BFDF195F5C}.Release|Any CPU.Build.0 = Release|Any CPU
		{7E93826A-4881-47EB-A61B-C1F3ABF921D2}.Debug|Any CPU.ActiveCfg = Debug|Any CPU
		{7E93826A-4881-47EB-A61B-C1F3ABF921D2}.Debug|Any CPU.Build.0 = Debug|Any CPU
		{7E93826A-4881-47EB-A61B-C1F3ABF921D2}.Release|Any CPU.ActiveCfg = Release|Any CPU
		{7E93826A-4881-47EB-A61B-C1F3ABF921D2}.Release|Any CPU.Build.0 = Release|Any CPU
	EndGlobalSection
	GlobalSection(SolutionProperties) = preSolution
		HideSolutionNode = FALSE
	EndGlobalSection
EndGlobal
