
Microsoft Visual Studio Solution File, Format Version 12.00
# Visual Studio Version 16
VisualStudioVersion = 16.0.29409.12
MinimumVisualStudioVersion = 10.0.40219.1
Project("{9A19103F-16F7-4668-BE54-9A1E7A4F7556}") = "EncompassWrapperAPI", "EncompassWrapperAPI.csproj", "{2DCAD226-0A91-4922-88F7-A55C0BCD2857}"
EndProject
Project("{9A19103F-16F7-4668-BE54-9A1E7A4F7556}") = "AppSettings", "..\AppSettings\AppSettings.csproj", "{AAA18F3D-6620-4FA2-BBF2-C295C9373392}"
EndProject
Project("{9A19103F-16F7-4668-BE54-9A1E7A4F7556}") = "EncompassWrapperModels", "..\EncompassWrapperModels\EncompassWrapperModels.csproj", "{268E3F91-8743-41F5-A48C-85F5BE156266}"
EndProject
Project("{9A19103F-16F7-4668-BE54-9A1E7A4F7556}") = "EncompassRequestBody", "..\EncompassRequestBody\EncompassRequestBody.csproj", "{754BB551-5C5D-4459-8B91-4B1670DAEF3A}"
EndProject
Project("{9A19103F-16F7-4668-BE54-9A1E7A4F7556}") = "EncompassWrapperConstants", "..\EncompassConstants\EncompassWrapperConstants.csproj", "{3D341D61-F062-430E-B75C-09CB86E05D38}"
EndProject
Project("{9A19103F-16F7-4668-BE54-9A1E7A4F7556}") = "EncompassWrapperHelper", "..\EncompassWrapperHelper\EncompassWrapperHelper.csproj", "{AFEA1739-527B-4C3C-B4E0-62EA9C9144C1}"
EndProject
Global
	GlobalSection(SolutionConfigurationPlatforms) = preSolution
		Debug|Any CPU = Debug|Any CPU
		Release|Any CPU = Release|Any CPU
	EndGlobalSection
	GlobalSection(ProjectConfigurationPlatforms) = postSolution
		{2DCAD226-0A91-4922-88F7-A55C0BCD2857}.Debug|Any CPU.ActiveCfg = Debug|Any CPU
		{2DCAD226-0A91-4922-88F7-A55C0BCD2857}.Debug|Any CPU.Build.0 = Debug|Any CPU
		{2DCAD226-0A91-4922-88F7-A55C0BCD2857}.Release|Any CPU.ActiveCfg = Release|Any CPU
		{2DCAD226-0A91-4922-88F7-A55C0BCD2857}.Release|Any CPU.Build.0 = Release|Any CPU
		{AAA18F3D-6620-4FA2-BBF2-C295C9373392}.Debug|Any CPU.ActiveCfg = Debug|Any CPU
		{AAA18F3D-6620-4FA2-BBF2-C295C9373392}.Debug|Any CPU.Build.0 = Debug|Any CPU
		{AAA18F3D-6620-4FA2-BBF2-C295C9373392}.Release|Any CPU.ActiveCfg = Release|Any CPU
		{AAA18F3D-6620-4FA2-BBF2-C295C9373392}.Release|Any CPU.Build.0 = Release|Any CPU
		{268E3F91-8743-41F5-A48C-85F5BE156266}.Debug|Any CPU.ActiveCfg = Debug|Any CPU
		{268E3F91-8743-41F5-A48C-85F5BE156266}.Debug|Any CPU.Build.0 = Debug|Any CPU
		{268E3F91-8743-41F5-A48C-85F5BE156266}.Release|Any CPU.ActiveCfg = Release|Any CPU
		{268E3F91-8743-41F5-A48C-85F5BE156266}.Release|Any CPU.Build.0 = Release|Any CPU
		{754BB551-5C5D-4459-8B91-4B1670DAEF3A}.Debug|Any CPU.ActiveCfg = Debug|Any CPU
		{754BB551-5C5D-4459-8B91-4B1670DAEF3A}.Debug|Any CPU.Build.0 = Debug|Any CPU
		{754BB551-5C5D-4459-8B91-4B1670DAEF3A}.Release|Any CPU.ActiveCfg = Release|Any CPU
		{754BB551-5C5D-4459-8B91-4B1670DAEF3A}.Release|Any CPU.Build.0 = Release|Any CPU
		{3D341D61-F062-430E-B75C-09CB86E05D38}.Debug|Any CPU.ActiveCfg = Debug|Any CPU
		{3D341D61-F062-430E-B75C-09CB86E05D38}.Debug|Any CPU.Build.0 = Debug|Any CPU
		{3D341D61-F062-430E-B75C-09CB86E05D38}.Release|Any CPU.ActiveCfg = Release|Any CPU
		{3D341D61-F062-430E-B75C-09CB86E05D38}.Release|Any CPU.Build.0 = Release|Any CPU
		{AFEA1739-527B-4C3C-B4E0-62EA9C9144C1}.Debug|Any CPU.ActiveCfg = Debug|Any CPU
		{AFEA1739-527B-4C3C-B4E0-62EA9C9144C1}.Debug|Any CPU.Build.0 = Debug|Any CPU
		{AFEA1739-527B-4C3C-B4E0-62EA9C9144C1}.Release|Any CPU.ActiveCfg = Release|Any CPU
		{AFEA1739-527B-4C3C-B4E0-62EA9C9144C1}.Release|Any CPU.Build.0 = Release|Any CPU
	EndGlobalSection
	GlobalSection(SolutionProperties) = preSolution
		HideSolutionNode = FALSE
	EndGlobalSection
	GlobalSection(ExtensibilityGlobals) = postSolution
		SolutionGuid = {2BEE1B72-CC9B-4CDB-924C-3A28A936505A}
	EndGlobalSection
EndGlobal
