
Microsoft Visual Studio Solution File, Format Version 12.00
# Visual Studio 14
VisualStudioVersion = 14.0.25420.1
MinimumVisualStudioVersion = 10.0.40219.1
Project("{FAE04EC0-301F-11D3-BF4B-00C04F79EFBC}") = "IntellaLendAPI", "IntellaLendAPI\IntellaLendAPI.csproj", "{219B9524-28A0-471E-A88C-98EDE9E7FA7C}"
EndProject
Project("{FAE04EC0-301F-11D3-BF4B-00C04F79EFBC}") = "IntellaLendJWTToken", "IntellaLendJWTToken\IntellaLendJWTToken.csproj", "{52B9749E-2521-4A2D-80B7-AAFDCB5C57F0}"
EndProject
Project("{FAE04EC0-301F-11D3-BF4B-00C04F79EFBC}") = "IntellaLend.CommonServices", "IntellaLend.Services\IntellaLend.CommonServices.csproj", "{D738E475-30A8-495A-A059-A5CD43BC4FD5}"
EndProject
Project("{FAE04EC0-301F-11D3-BF4B-00C04F79EFBC}") = "IntellaLend.Hashing", "IntellaLend.Hashing\IntellaLend.Hashing.csproj", "{1F14598F-58DD-4EAE-B6C8-71B950F9EC72}"
EndProject
Project("{FAE04EC0-301F-11D3-BF4B-00C04F79EFBC}") = "IntellaLend.Constance", "..\IntellaLendBlocks\IntellaLend.Constance\IntellaLend.Constance.csproj", "{A8B652A8-EA6C-4080-9F2B-DDDA23E14A51}"
EndProject
Project("{FAE04EC0-301F-11D3-BF4B-00C04F79EFBC}") = "IntellaLend.Model", "..\IntellaLendBlocks\IntellaLend.Model\IntellaLend.Model.csproj", "{1153D611-E67C-4A1A-BE68-EE2AEEA2DF8E}"
EndProject
Project("{FAE04EC0-301F-11D3-BF4B-00C04F79EFBC}") = "MTSEntityDataAccess", "..\IntellaLendBlocks\MTSEntityDataAccess\MTSEntityDataAccess.csproj", "{9980D561-76C0-486F-9744-5D1BF6512B9D}"
EndProject
Project("{2150E333-8FDC-42A3-9474-1A3956D46DE8}") = "RuleEngine", "RuleEngine", "{03CCD51A-B619-486D-9DD5-623F6411EDD8}"
EndProject
Project("{FAE04EC0-301F-11D3-BF4B-00C04F79EFBC}") = "IntellaLend.RuleEngine", "..\IntellaLendBlocks\IntellaLend.RuleEngine\IntellaLend.RuleEngine.csproj", "{9C2BE0AF-A3B7-4F32-95AD-AD0D2DAFA257}"
EndProject
Project("{FAE04EC0-301F-11D3-BF4B-00C04F79EFBC}") = "MTSRuleEngine", "..\IntellaLendBlocks\MTSRuleEngine\MTSRuleEngine.csproj", "{5F014003-50D8-49E0-8AFE-91D38DCCC97C}"
EndProject
Project("{FAE04EC0-301F-11D3-BF4B-00C04F79EFBC}") = "IntellaLend.Audit", "..\IntellaLendBlocks\IntellaLend.Audit\IntellaLend.Audit.csproj", "{5E3BC39D-0158-4696-A805-4D9E0E06D008}"
EndProject
Project("{FAE04EC0-301F-11D3-BF4B-00C04F79EFBC}") = "IntellaLend.BoxWrapper", "..\IntellaLendBlocks\IntellaLend.BoxWrapper\IntellaLend.BoxWrapper.csproj", "{921DAE60-FC24-4136-935B-35B105B09E72}"
EndProject
Project("{2150E333-8FDC-42A3-9474-1A3956D46DE8}") = "Services", "Services", "{8920E53C-3C01-472D-B645-F7FA4CE38087}"
EndProject
Project("{2150E333-8FDC-42A3-9474-1A3956D46DE8}") = "Blocks", "Blocks", "{EA6385BB-ADB8-4CAF-8E9B-90E75A5104B0}"
EndProject
Project("{2150E333-8FDC-42A3-9474-1A3956D46DE8}") = "Helpers", "Helpers", "{2F500CC8-A109-44C5-A5C1-F130BC60F61A}"
EndProject
Project("{2150E333-8FDC-42A3-9474-1A3956D46DE8}") = "EntityBase", "EntityBase", "{DE131088-C21A-4894-8587-05976331E118}"
EndProject
Project("{2150E333-8FDC-42A3-9474-1A3956D46DE8}") = "DataHandlers", "DataHandlers", "{603C18BE-F225-421E-8C5E-1B1147EC1808}"
EndProject
Project("{FAE04EC0-301F-11D3-BF4B-00C04F79EFBC}") = "IntellaLend.CheckListItemData", "IntellaLend.CheckListItemData\IntellaLend.CheckListItemData.csproj", "{184945F1-2043-473A-A152-1A70FC659C6F}"
EndProject
Project("{FAE04EC0-301F-11D3-BF4B-00C04F79EFBC}") = "IntellaLend.CustomerData", "IntellaLend.CustomerData\IntellaLend.CustomerData.csproj", "{7B3E81E5-C4CB-471C-9982-7EBD5B34F749}"
EndProject
Project("{FAE04EC0-301F-11D3-BF4B-00C04F79EFBC}") = "IntellaLend.DashboardData", "IntellaLend.DashboardData\IntellaLend.DashboardData.csproj", "{CF23EDF9-17C4-4E8F-A872-F6C9D7B5D6BB}"
EndProject
Project("{FAE04EC0-301F-11D3-BF4B-00C04F79EFBC}") = "IntellaLend.SystemData", "IntellaLend.SystemData\IntellaLend.SystemData.csproj", "{B1E28A99-BF1A-4623-8553-D3D4442D66A6}"
EndProject
Project("{FAE04EC0-301F-11D3-BF4B-00C04F79EFBC}") = "IntellaLend.LoanData", "IntellaLend.LoanData\IntellaLend.LoanData.csproj", "{4CBA1ACA-C36E-44B1-B5F4-D84329E9764F}"
EndProject
Project("{FAE04EC0-301F-11D3-BF4B-00C04F79EFBC}") = "IntellaLend.MappingData", "IntellaLend.MappingData\IntellaLend.MappingData.csproj", "{01C575E6-4747-4510-87E6-3E7FB3FBFBE5}"
EndProject
Project("{FAE04EC0-301F-11D3-BF4B-00C04F79EFBC}") = "IntellaLend.MasterData", "IntellaLend.MasterData\IntellaLend.MasterData.csproj", "{86DF93CF-B3F1-4D98-B9E7-CBCC9ADEE282}"
EndProject
Project("{FAE04EC0-301F-11D3-BF4B-00C04F79EFBC}") = "IntellaLend.StackingOrderData", "IntellaLend.StackingOrderData\IntellaLend.StackingOrderData.csproj", "{E09E2177-52F0-4021-B53A-26AAC45667E7}"
EndProject
Project("{FAE04EC0-301F-11D3-BF4B-00C04F79EFBC}") = "IntellaLend.UploadData", "IntellaLend.UploadData\IntellaLend.UploadData.csproj", "{B8F7D7D9-F0F7-4856-ADC4-CF565C83A389}"
EndProject
Project("{FAE04EC0-301F-11D3-BF4B-00C04F79EFBC}") = "IntellaLend.LogInData", "IntellaLend.LogInData\IntellaLend.LogInData.csproj", "{AF898D76-D4F3-4129-B3B0-90EE3CA9FB57}"
EndProject
Project("{FAE04EC0-301F-11D3-BF4B-00C04F79EFBC}") = "IntellaLend.UserData", "IntellaLend.UserData\IntellaLend.UserData.csproj", "{78E761DC-420F-47C5-9F95-BB548A9E7448}"
EndProject
Project("{FAE04EC0-301F-11D3-BF4B-00C04F79EFBC}") = "IntellaLend.TenantConfigData", "IntellaLend.TenantConfigData\IntellaLend.TenantConfigData.csproj", "{6921DE36-180B-4AE3-B780-77EE06077D48}"
EndProject
Project("{FAE04EC0-301F-11D3-BF4B-00C04F79EFBC}") = "IntellaLend.QCIQData", "IntellaLend.QCIQ\IntellaLend.QCIQData.csproj", "{A18F23C7-52F6-42AA-B7F5-D33D8C4C9720}"
EndProject
Project("{FAE04EC0-301F-11D3-BF4B-00C04F79EFBC}") = "UtilsBlock", "..\IntellaLendBlocks\UtilsBlock\UtilsBlock.csproj", "{60C51B78-D847-4463-95FD-123D2E8FE1DA}"
EndProject
Project("{FAE04EC0-301F-11D3-BF4B-00C04F79EFBC}") = "IntellaLend.License", "IntellaLend.License\IntellaLend.License.csproj", "{46889F5E-01D3-4669-8766-8962C08D3766}"
EndProject
Project("{FAE04EC0-301F-11D3-BF4B-00C04F79EFBC}") = "IntellaLend.ReportingService", "IntellaLend.ReportingService\IntellaLend.ReportingService.csproj", "{4AAF51EE-315B-4200-BAE7-99D6E6D1DFE0}"
EndProject
Project("{FAE04EC0-301F-11D3-BF4B-00C04F79EFBC}") = "IntellaLend.ReportData", "IntellaLend.ReportData\IntellaLend.ReportData.csproj", "{8EE9E239-59EB-4397-BB3C-E88189FB18EB}"
EndProject
Project("{FAE04EC0-301F-11D3-BF4B-00C04F79EFBC}") = "IntellaLend.WFProxy", "..\IntellaLendBlocks\IntellaLend.WFProxy\IntellaLend.WFProxy.csproj", "{99230248-B677-4CA6-BB99-F40F5416C14E}"
EndProject
Project("{FAE04EC0-301F-11D3-BF4B-00C04F79EFBC}") = "IntellaLend.ExceptionHandler", "IntellaLend.ExceptionHandler\IntellaLend.ExceptionHandler.csproj", "{2C2F1E69-1BDF-498F-82C7-C8BCC6EC5F21}"
EndProject
Project("{FAE04EC0-301F-11D3-BF4B-00C04F79EFBC}") = "IntellaLend.MinIOWrapper", "..\IntellaLendBlocks\IntellaLend.MinIOWrapper\IntellaLend.MinIOWrapper.csproj", "{467BDB66-3A82-45A6-A060-F71696E97E1C}"
EndProject
Project("{FAE04EC0-301F-11D3-BF4B-00C04F79EFBC}") = "IntellaLend.AuditData", "..\IntellaLendBlocks\IntellaLend.AuditData\IntellaLend.AuditData.csproj", "{263344A0-60A6-44B8-8D6F-9907090754D0}"
EndProject
Project("{FAE04EC0-301F-11D3-BF4B-00C04F79EFBC}") = "EncompassConsoleConnector", "EncompassConsoleConnector\EncompassConsoleConnector.csproj", "{D7081E3A-C197-4F8E-A30F-E330B6308FD7}"
EndProject
Project("{FAE04EC0-301F-11D3-BF4B-00C04F79EFBC}") = "EncompassWrapperInterseptor", "..\IntellaLendServices\EncompassWrapperInterseptor\EncompassWrapperInterseptor.csproj", "{17878F61-2D09-4C75-8735-F4165BBB6D98}"
EndProject
Project("{FAE04EC0-301F-11D3-BF4B-00C04F79EFBC}") = "EncompassRequest", "..\IntellaLendServices\EncompassRequest\EncompassRequest.csproj", "{676B28B7-418B-41EA-9875-6176A92017AF}"
EndProject
Project("{FAE04EC0-301F-11D3-BF4B-00C04F79EFBC}") = "MTSEntBlocks.DataBlock", "..\IntellaLendBlocks\MTSEntBlocks.DataBlock\MTSEntBlocks.DataBlock.csproj", "{B8FD6D7D-3700-4DAF-A7A1-9FF1D86C1ACE}"
EndProject
Project("{FAE04EC0-301F-11D3-BF4B-00C04F79EFBC}") = "MTSEntBlocks.ExceptionBlock", "..\IntellaLendBlocks\MTSEntBlocks.ExceptionBlock\MTSEntBlocks.ExceptionBlock.csproj", "{BF640616-4953-47C5-8BEC-613A645CFDD1}"
EndProject
Project("{FAE04EC0-301F-11D3-BF4B-00C04F79EFBC}") = "MTSEntBlocks.LoggerBlock", "..\IntellaLendBlocks\MTSEntBlocks.LoggerBlock\MTSEntBlocks.LoggerBlock.csproj", "{167D2B19-F361-4093-8E1F-61D5778F5C5D}"
EndProject
Project("{FAE04EC0-301F-11D3-BF4B-00C04F79EFBC}") = "MTS.Web.Helpers", "..\IntellaLendBlocks\MTS.Web.Helpers\MTS.Web.Helpers.csproj", "{B673CA30-C64D-4093-ADFE-012750E70678}"
EndProject
Global
	GlobalSection(SolutionConfigurationPlatforms) = preSolution
		Debug|Any CPU = Debug|Any CPU
		Release|Any CPU = Release|Any CPU
	EndGlobalSection
	GlobalSection(ProjectConfigurationPlatforms) = postSolution
		{219B9524-28A0-471E-A88C-98EDE9E7FA7C}.Debug|Any CPU.ActiveCfg = Debug|Any CPU
		{219B9524-28A0-471E-A88C-98EDE9E7FA7C}.Debug|Any CPU.Build.0 = Debug|Any CPU
		{219B9524-28A0-471E-A88C-98EDE9E7FA7C}.Release|Any CPU.ActiveCfg = Release|Any CPU
		{219B9524-28A0-471E-A88C-98EDE9E7FA7C}.Release|Any CPU.Build.0 = Release|Any CPU
		{52B9749E-2521-4A2D-80B7-AAFDCB5C57F0}.Debug|Any CPU.ActiveCfg = Debug|Any CPU
		{52B9749E-2521-4A2D-80B7-AAFDCB5C57F0}.Debug|Any CPU.Build.0 = Debug|Any CPU
		{52B9749E-2521-4A2D-80B7-AAFDCB5C57F0}.Release|Any CPU.ActiveCfg = Release|Any CPU
		{52B9749E-2521-4A2D-80B7-AAFDCB5C57F0}.Release|Any CPU.Build.0 = Release|Any CPU
		{D738E475-30A8-495A-A059-A5CD43BC4FD5}.Debug|Any CPU.ActiveCfg = Debug|Any CPU
		{D738E475-30A8-495A-A059-A5CD43BC4FD5}.Debug|Any CPU.Build.0 = Debug|Any CPU
		{D738E475-30A8-495A-A059-A5CD43BC4FD5}.Release|Any CPU.ActiveCfg = Release|Any CPU
		{D738E475-30A8-495A-A059-A5CD43BC4FD5}.Release|Any CPU.Build.0 = Release|Any CPU
		{1F14598F-58DD-4EAE-B6C8-71B950F9EC72}.Debug|Any CPU.ActiveCfg = Debug|Any CPU
		{1F14598F-58DD-4EAE-B6C8-71B950F9EC72}.Debug|Any CPU.Build.0 = Debug|Any CPU
		{1F14598F-58DD-4EAE-B6C8-71B950F9EC72}.Release|Any CPU.ActiveCfg = Release|Any CPU
		{1F14598F-58DD-4EAE-B6C8-71B950F9EC72}.Release|Any CPU.Build.0 = Release|Any CPU
		{A8B652A8-EA6C-4080-9F2B-DDDA23E14A51}.Debug|Any CPU.ActiveCfg = Debug|Any CPU
		{A8B652A8-EA6C-4080-9F2B-DDDA23E14A51}.Debug|Any CPU.Build.0 = Debug|Any CPU
		{A8B652A8-EA6C-4080-9F2B-DDDA23E14A51}.Release|Any CPU.ActiveCfg = Release|Any CPU
		{A8B652A8-EA6C-4080-9F2B-DDDA23E14A51}.Release|Any CPU.Build.0 = Release|Any CPU
		{1153D611-E67C-4A1A-BE68-EE2AEEA2DF8E}.Debug|Any CPU.ActiveCfg = Debug|Any CPU
		{1153D611-E67C-4A1A-BE68-EE2AEEA2DF8E}.Debug|Any CPU.Build.0 = Debug|Any CPU
		{1153D611-E67C-4A1A-BE68-EE2AEEA2DF8E}.Release|Any CPU.ActiveCfg = Release|Any CPU
		{1153D611-E67C-4A1A-BE68-EE2AEEA2DF8E}.Release|Any CPU.Build.0 = Release|Any CPU
		{9980D561-76C0-486F-9744-5D1BF6512B9D}.Debug|Any CPU.ActiveCfg = Debug|Any CPU
		{9980D561-76C0-486F-9744-5D1BF6512B9D}.Debug|Any CPU.Build.0 = Debug|Any CPU
		{9980D561-76C0-486F-9744-5D1BF6512B9D}.Release|Any CPU.ActiveCfg = Release|Any CPU
		{9980D561-76C0-486F-9744-5D1BF6512B9D}.Release|Any CPU.Build.0 = Release|Any CPU
		{9C2BE0AF-A3B7-4F32-95AD-AD0D2DAFA257}.Debug|Any CPU.ActiveCfg = Debug|Any CPU
		{9C2BE0AF-A3B7-4F32-95AD-AD0D2DAFA257}.Debug|Any CPU.Build.0 = Debug|Any CPU
		{9C2BE0AF-A3B7-4F32-95AD-AD0D2DAFA257}.Release|Any CPU.ActiveCfg = Release|Any CPU
		{9C2BE0AF-A3B7-4F32-95AD-AD0D2DAFA257}.Release|Any CPU.Build.0 = Release|Any CPU
		{5F014003-50D8-49E0-8AFE-91D38DCCC97C}.Debug|Any CPU.ActiveCfg = Debug|Any CPU
		{5F014003-50D8-49E0-8AFE-91D38DCCC97C}.Debug|Any CPU.Build.0 = Debug|Any CPU
		{5F014003-50D8-49E0-8AFE-91D38DCCC97C}.Release|Any CPU.ActiveCfg = Release|Any CPU
		{5F014003-50D8-49E0-8AFE-91D38DCCC97C}.Release|Any CPU.Build.0 = Release|Any CPU
		{5E3BC39D-0158-4696-A805-4D9E0E06D008}.Debug|Any CPU.ActiveCfg = Debug|Any CPU
		{5E3BC39D-0158-4696-A805-4D9E0E06D008}.Debug|Any CPU.Build.0 = Debug|Any CPU
		{5E3BC39D-0158-4696-A805-4D9E0E06D008}.Release|Any CPU.ActiveCfg = Release|Any CPU
		{5E3BC39D-0158-4696-A805-4D9E0E06D008}.Release|Any CPU.Build.0 = Release|Any CPU
		{921DAE60-FC24-4136-935B-35B105B09E72}.Debug|Any CPU.ActiveCfg = Debug|Any CPU
		{921DAE60-FC24-4136-935B-35B105B09E72}.Debug|Any CPU.Build.0 = Debug|Any CPU
		{921DAE60-FC24-4136-935B-35B105B09E72}.Release|Any CPU.ActiveCfg = Release|Any CPU
		{921DAE60-FC24-4136-935B-35B105B09E72}.Release|Any CPU.Build.0 = Release|Any CPU
		{184945F1-2043-473A-A152-1A70FC659C6F}.Debug|Any CPU.ActiveCfg = Debug|Any CPU
		{184945F1-2043-473A-A152-1A70FC659C6F}.Debug|Any CPU.Build.0 = Debug|Any CPU
		{184945F1-2043-473A-A152-1A70FC659C6F}.Release|Any CPU.ActiveCfg = Release|Any CPU
		{184945F1-2043-473A-A152-1A70FC659C6F}.Release|Any CPU.Build.0 = Release|Any CPU
		{7B3E81E5-C4CB-471C-9982-7EBD5B34F749}.Debug|Any CPU.ActiveCfg = Debug|Any CPU
		{7B3E81E5-C4CB-471C-9982-7EBD5B34F749}.Debug|Any CPU.Build.0 = Debug|Any CPU
		{7B3E81E5-C4CB-471C-9982-7EBD5B34F749}.Release|Any CPU.ActiveCfg = Release|Any CPU
		{7B3E81E5-C4CB-471C-9982-7EBD5B34F749}.Release|Any CPU.Build.0 = Release|Any CPU
		{CF23EDF9-17C4-4E8F-A872-F6C9D7B5D6BB}.Debug|Any CPU.ActiveCfg = Debug|Any CPU
		{CF23EDF9-17C4-4E8F-A872-F6C9D7B5D6BB}.Debug|Any CPU.Build.0 = Debug|Any CPU
		{CF23EDF9-17C4-4E8F-A872-F6C9D7B5D6BB}.Release|Any CPU.ActiveCfg = Release|Any CPU
		{CF23EDF9-17C4-4E8F-A872-F6C9D7B5D6BB}.Release|Any CPU.Build.0 = Release|Any CPU
		{B1E28A99-BF1A-4623-8553-D3D4442D66A6}.Debug|Any CPU.ActiveCfg = Debug|Any CPU
		{B1E28A99-BF1A-4623-8553-D3D4442D66A6}.Debug|Any CPU.Build.0 = Debug|Any CPU
		{B1E28A99-BF1A-4623-8553-D3D4442D66A6}.Release|Any CPU.ActiveCfg = Release|Any CPU
		{B1E28A99-BF1A-4623-8553-D3D4442D66A6}.Release|Any CPU.Build.0 = Release|Any CPU
		{4CBA1ACA-C36E-44B1-B5F4-D84329E9764F}.Debug|Any CPU.ActiveCfg = Debug|Any CPU
		{4CBA1ACA-C36E-44B1-B5F4-D84329E9764F}.Debug|Any CPU.Build.0 = Debug|Any CPU
		{4CBA1ACA-C36E-44B1-B5F4-D84329E9764F}.Release|Any CPU.ActiveCfg = Release|Any CPU
		{4CBA1ACA-C36E-44B1-B5F4-D84329E9764F}.Release|Any CPU.Build.0 = Release|Any CPU
		{01C575E6-4747-4510-87E6-3E7FB3FBFBE5}.Debug|Any CPU.ActiveCfg = Debug|Any CPU
		{01C575E6-4747-4510-87E6-3E7FB3FBFBE5}.Debug|Any CPU.Build.0 = Debug|Any CPU
		{01C575E6-4747-4510-87E6-3E7FB3FBFBE5}.Release|Any CPU.ActiveCfg = Release|Any CPU
		{01C575E6-4747-4510-87E6-3E7FB3FBFBE5}.Release|Any CPU.Build.0 = Release|Any CPU
		{86DF93CF-B3F1-4D98-B9E7-CBCC9ADEE282}.Debug|Any CPU.ActiveCfg = Debug|Any CPU
		{86DF93CF-B3F1-4D98-B9E7-CBCC9ADEE282}.Debug|Any CPU.Build.0 = Debug|Any CPU
		{86DF93CF-B3F1-4D98-B9E7-CBCC9ADEE282}.Release|Any CPU.ActiveCfg = Release|Any CPU
		{86DF93CF-B3F1-4D98-B9E7-CBCC9ADEE282}.Release|Any CPU.Build.0 = Release|Any CPU
		{E09E2177-52F0-4021-B53A-26AAC45667E7}.Debug|Any CPU.ActiveCfg = Debug|Any CPU
		{E09E2177-52F0-4021-B53A-26AAC45667E7}.Debug|Any CPU.Build.0 = Debug|Any CPU
		{E09E2177-52F0-4021-B53A-26AAC45667E7}.Release|Any CPU.ActiveCfg = Release|Any CPU
		{E09E2177-52F0-4021-B53A-26AAC45667E7}.Release|Any CPU.Build.0 = Release|Any CPU
		{B8F7D7D9-F0F7-4856-ADC4-CF565C83A389}.Debug|Any CPU.ActiveCfg = Debug|Any CPU
		{B8F7D7D9-F0F7-4856-ADC4-CF565C83A389}.Debug|Any CPU.Build.0 = Debug|Any CPU
		{B8F7D7D9-F0F7-4856-ADC4-CF565C83A389}.Release|Any CPU.ActiveCfg = Release|Any CPU
		{B8F7D7D9-F0F7-4856-ADC4-CF565C83A389}.Release|Any CPU.Build.0 = Release|Any CPU
		{AF898D76-D4F3-4129-B3B0-90EE3CA9FB57}.Debug|Any CPU.ActiveCfg = Debug|Any CPU
		{AF898D76-D4F3-4129-B3B0-90EE3CA9FB57}.Debug|Any CPU.Build.0 = Debug|Any CPU
		{AF898D76-D4F3-4129-B3B0-90EE3CA9FB57}.Release|Any CPU.ActiveCfg = Release|Any CPU
		{AF898D76-D4F3-4129-B3B0-90EE3CA9FB57}.Release|Any CPU.Build.0 = Release|Any CPU
		{78E761DC-420F-47C5-9F95-BB548A9E7448}.Debug|Any CPU.ActiveCfg = Debug|Any CPU
		{78E761DC-420F-47C5-9F95-BB548A9E7448}.Debug|Any CPU.Build.0 = Debug|Any CPU
		{78E761DC-420F-47C5-9F95-BB548A9E7448}.Release|Any CPU.ActiveCfg = Release|Any CPU
		{78E761DC-420F-47C5-9F95-BB548A9E7448}.Release|Any CPU.Build.0 = Release|Any CPU
		{6921DE36-180B-4AE3-B780-77EE06077D48}.Debug|Any CPU.ActiveCfg = Debug|Any CPU
		{6921DE36-180B-4AE3-B780-77EE06077D48}.Debug|Any CPU.Build.0 = Debug|Any CPU
		{6921DE36-180B-4AE3-B780-77EE06077D48}.Release|Any CPU.ActiveCfg = Release|Any CPU
		{6921DE36-180B-4AE3-B780-77EE06077D48}.Release|Any CPU.Build.0 = Release|Any CPU
		{A18F23C7-52F6-42AA-B7F5-D33D8C4C9720}.Debug|Any CPU.ActiveCfg = Debug|Any CPU
		{A18F23C7-52F6-42AA-B7F5-D33D8C4C9720}.Debug|Any CPU.Build.0 = Debug|Any CPU
		{A18F23C7-52F6-42AA-B7F5-D33D8C4C9720}.Release|Any CPU.ActiveCfg = Release|Any CPU
		{A18F23C7-52F6-42AA-B7F5-D33D8C4C9720}.Release|Any CPU.Build.0 = Release|Any CPU
		{60C51B78-D847-4463-95FD-123D2E8FE1DA}.Debug|Any CPU.ActiveCfg = Debug|Any CPU
		{60C51B78-D847-4463-95FD-123D2E8FE1DA}.Debug|Any CPU.Build.0 = Debug|Any CPU
		{60C51B78-D847-4463-95FD-123D2E8FE1DA}.Release|Any CPU.ActiveCfg = Release|Any CPU
		{60C51B78-D847-4463-95FD-123D2E8FE1DA}.Release|Any CPU.Build.0 = Release|Any CPU
		{46889F5E-01D3-4669-8766-8962C08D3766}.Debug|Any CPU.ActiveCfg = Debug|Any CPU
		{46889F5E-01D3-4669-8766-8962C08D3766}.Debug|Any CPU.Build.0 = Debug|Any CPU
		{46889F5E-01D3-4669-8766-8962C08D3766}.Release|Any CPU.ActiveCfg = Release|Any CPU
		{46889F5E-01D3-4669-8766-8962C08D3766}.Release|Any CPU.Build.0 = Release|Any CPU
		{4AAF51EE-315B-4200-BAE7-99D6E6D1DFE0}.Debug|Any CPU.ActiveCfg = Debug|Any CPU
		{4AAF51EE-315B-4200-BAE7-99D6E6D1DFE0}.Debug|Any CPU.Build.0 = Debug|Any CPU
		{4AAF51EE-315B-4200-BAE7-99D6E6D1DFE0}.Release|Any CPU.ActiveCfg = Release|Any CPU
		{4AAF51EE-315B-4200-BAE7-99D6E6D1DFE0}.Release|Any CPU.Build.0 = Release|Any CPU
		{8EE9E239-59EB-4397-BB3C-E88189FB18EB}.Debug|Any CPU.ActiveCfg = Debug|Any CPU
		{8EE9E239-59EB-4397-BB3C-E88189FB18EB}.Debug|Any CPU.Build.0 = Debug|Any CPU
		{8EE9E239-59EB-4397-BB3C-E88189FB18EB}.Release|Any CPU.ActiveCfg = Release|Any CPU
		{8EE9E239-59EB-4397-BB3C-E88189FB18EB}.Release|Any CPU.Build.0 = Release|Any CPU
		{99230248-B677-4CA6-BB99-F40F5416C14E}.Debug|Any CPU.ActiveCfg = Debug|Any CPU
		{99230248-B677-4CA6-BB99-F40F5416C14E}.Debug|Any CPU.Build.0 = Debug|Any CPU
		{99230248-B677-4CA6-BB99-F40F5416C14E}.Release|Any CPU.ActiveCfg = Release|Any CPU
		{99230248-B677-4CA6-BB99-F40F5416C14E}.Release|Any CPU.Build.0 = Release|Any CPU
		{2C2F1E69-1BDF-498F-82C7-C8BCC6EC5F21}.Debug|Any CPU.ActiveCfg = Debug|Any CPU
		{2C2F1E69-1BDF-498F-82C7-C8BCC6EC5F21}.Debug|Any CPU.Build.0 = Debug|Any CPU
		{2C2F1E69-1BDF-498F-82C7-C8BCC6EC5F21}.Release|Any CPU.ActiveCfg = Release|Any CPU
		{2C2F1E69-1BDF-498F-82C7-C8BCC6EC5F21}.Release|Any CPU.Build.0 = Release|Any CPU
		{467BDB66-3A82-45A6-A060-F71696E97E1C}.Debug|Any CPU.ActiveCfg = Debug|Any CPU
		{467BDB66-3A82-45A6-A060-F71696E97E1C}.Debug|Any CPU.Build.0 = Debug|Any CPU
		{467BDB66-3A82-45A6-A060-F71696E97E1C}.Release|Any CPU.ActiveCfg = Release|Any CPU
		{467BDB66-3A82-45A6-A060-F71696E97E1C}.Release|Any CPU.Build.0 = Release|Any CPU
		{263344A0-60A6-44B8-8D6F-9907090754D0}.Debug|Any CPU.ActiveCfg = Debug|Any CPU
		{263344A0-60A6-44B8-8D6F-9907090754D0}.Debug|Any CPU.Build.0 = Debug|Any CPU
		{263344A0-60A6-44B8-8D6F-9907090754D0}.Release|Any CPU.ActiveCfg = Release|Any CPU
		{263344A0-60A6-44B8-8D6F-9907090754D0}.Release|Any CPU.Build.0 = Release|Any CPU
		{D7081E3A-C197-4F8E-A30F-E330B6308FD7}.Debug|Any CPU.ActiveCfg = Debug|Any CPU
		{D7081E3A-C197-4F8E-A30F-E330B6308FD7}.Debug|Any CPU.Build.0 = Debug|Any CPU
		{D7081E3A-C197-4F8E-A30F-E330B6308FD7}.Release|Any CPU.ActiveCfg = Release|Any CPU
		{D7081E3A-C197-4F8E-A30F-E330B6308FD7}.Release|Any CPU.Build.0 = Release|Any CPU
		{17878F61-2D09-4C75-8735-F4165BBB6D98}.Debug|Any CPU.ActiveCfg = Debug|Any CPU
		{17878F61-2D09-4C75-8735-F4165BBB6D98}.Debug|Any CPU.Build.0 = Debug|Any CPU
		{17878F61-2D09-4C75-8735-F4165BBB6D98}.Release|Any CPU.ActiveCfg = Release|Any CPU
		{17878F61-2D09-4C75-8735-F4165BBB6D98}.Release|Any CPU.Build.0 = Release|Any CPU
		{676B28B7-418B-41EA-9875-6176A92017AF}.Debug|Any CPU.ActiveCfg = Debug|Any CPU
		{676B28B7-418B-41EA-9875-6176A92017AF}.Debug|Any CPU.Build.0 = Debug|Any CPU
		{676B28B7-418B-41EA-9875-6176A92017AF}.Release|Any CPU.ActiveCfg = Release|Any CPU
		{676B28B7-418B-41EA-9875-6176A92017AF}.Release|Any CPU.Build.0 = Release|Any CPU
		{B8FD6D7D-3700-4DAF-A7A1-9FF1D86C1ACE}.Debug|Any CPU.ActiveCfg = Debug|Any CPU
		{B8FD6D7D-3700-4DAF-A7A1-9FF1D86C1ACE}.Debug|Any CPU.Build.0 = Debug|Any CPU
		{B8FD6D7D-3700-4DAF-A7A1-9FF1D86C1ACE}.Release|Any CPU.ActiveCfg = Release|Any CPU
		{B8FD6D7D-3700-4DAF-A7A1-9FF1D86C1ACE}.Release|Any CPU.Build.0 = Release|Any CPU
		{BF640616-4953-47C5-8BEC-613A645CFDD1}.Debug|Any CPU.ActiveCfg = Debug|Any CPU
		{BF640616-4953-47C5-8BEC-613A645CFDD1}.Debug|Any CPU.Build.0 = Debug|Any CPU
		{BF640616-4953-47C5-8BEC-613A645CFDD1}.Release|Any CPU.ActiveCfg = Release|Any CPU
		{BF640616-4953-47C5-8BEC-613A645CFDD1}.Release|Any CPU.Build.0 = Release|Any CPU
		{167D2B19-F361-4093-8E1F-61D5778F5C5D}.Debug|Any CPU.ActiveCfg = Debug|Any CPU
		{167D2B19-F361-4093-8E1F-61D5778F5C5D}.Debug|Any CPU.Build.0 = Debug|Any CPU
		{167D2B19-F361-4093-8E1F-61D5778F5C5D}.Release|Any CPU.ActiveCfg = Release|Any CPU
		{167D2B19-F361-4093-8E1F-61D5778F5C5D}.Release|Any CPU.Build.0 = Release|Any CPU
		{B673CA30-C64D-4093-ADFE-012750E70678}.Debug|Any CPU.ActiveCfg = Debug|Any CPU
		{B673CA30-C64D-4093-ADFE-012750E70678}.Debug|Any CPU.Build.0 = Debug|Any CPU
		{B673CA30-C64D-4093-ADFE-012750E70678}.Release|Any CPU.ActiveCfg = Release|Any CPU
		{B673CA30-C64D-4093-ADFE-012750E70678}.Release|Any CPU.Build.0 = Release|Any CPU
	EndGlobalSection
	GlobalSection(SolutionProperties) = preSolution
		HideSolutionNode = FALSE
	EndGlobalSection
	GlobalSection(NestedProjects) = preSolution
		{52B9749E-2521-4A2D-80B7-AAFDCB5C57F0} = {2F500CC8-A109-44C5-A5C1-F130BC60F61A}
		{D738E475-30A8-495A-A059-A5CD43BC4FD5} = {8920E53C-3C01-472D-B645-F7FA4CE38087}
		{1F14598F-58DD-4EAE-B6C8-71B950F9EC72} = {2F500CC8-A109-44C5-A5C1-F130BC60F61A}
		{A8B652A8-EA6C-4080-9F2B-DDDA23E14A51} = {2F500CC8-A109-44C5-A5C1-F130BC60F61A}
		{1153D611-E67C-4A1A-BE68-EE2AEEA2DF8E} = {DE131088-C21A-4894-8587-05976331E118}
		{9980D561-76C0-486F-9744-5D1BF6512B9D} = {DE131088-C21A-4894-8587-05976331E118}
		{9C2BE0AF-A3B7-4F32-95AD-AD0D2DAFA257} = {03CCD51A-B619-486D-9DD5-623F6411EDD8}
		{5F014003-50D8-49E0-8AFE-91D38DCCC97C} = {03CCD51A-B619-486D-9DD5-623F6411EDD8}
		{5E3BC39D-0158-4696-A805-4D9E0E06D008} = {2F500CC8-A109-44C5-A5C1-F130BC60F61A}
		{921DAE60-FC24-4136-935B-35B105B09E72} = {2F500CC8-A109-44C5-A5C1-F130BC60F61A}
		{184945F1-2043-473A-A152-1A70FC659C6F} = {603C18BE-F225-421E-8C5E-1B1147EC1808}
		{7B3E81E5-C4CB-471C-9982-7EBD5B34F749} = {603C18BE-F225-421E-8C5E-1B1147EC1808}
		{CF23EDF9-17C4-4E8F-A872-F6C9D7B5D6BB} = {603C18BE-F225-421E-8C5E-1B1147EC1808}
		{B1E28A99-BF1A-4623-8553-D3D4442D66A6} = {603C18BE-F225-421E-8C5E-1B1147EC1808}
		{4CBA1ACA-C36E-44B1-B5F4-D84329E9764F} = {603C18BE-F225-421E-8C5E-1B1147EC1808}
		{01C575E6-4747-4510-87E6-3E7FB3FBFBE5} = {603C18BE-F225-421E-8C5E-1B1147EC1808}
		{86DF93CF-B3F1-4D98-B9E7-CBCC9ADEE282} = {603C18BE-F225-421E-8C5E-1B1147EC1808}
		{E09E2177-52F0-4021-B53A-26AAC45667E7} = {603C18BE-F225-421E-8C5E-1B1147EC1808}
		{B8F7D7D9-F0F7-4856-ADC4-CF565C83A389} = {603C18BE-F225-421E-8C5E-1B1147EC1808}
		{AF898D76-D4F3-4129-B3B0-90EE3CA9FB57} = {603C18BE-F225-421E-8C5E-1B1147EC1808}
		{78E761DC-420F-47C5-9F95-BB548A9E7448} = {603C18BE-F225-421E-8C5E-1B1147EC1808}
		{6921DE36-180B-4AE3-B780-77EE06077D48} = {603C18BE-F225-421E-8C5E-1B1147EC1808}
		{A18F23C7-52F6-42AA-B7F5-D33D8C4C9720} = {603C18BE-F225-421E-8C5E-1B1147EC1808}
		{60C51B78-D847-4463-95FD-123D2E8FE1DA} = {EA6385BB-ADB8-4CAF-8E9B-90E75A5104B0}
		{46889F5E-01D3-4669-8766-8962C08D3766} = {2F500CC8-A109-44C5-A5C1-F130BC60F61A}
		{4AAF51EE-315B-4200-BAE7-99D6E6D1DFE0} = {8920E53C-3C01-472D-B645-F7FA4CE38087}
		{8EE9E239-59EB-4397-BB3C-E88189FB18EB} = {603C18BE-F225-421E-8C5E-1B1147EC1808}
		{99230248-B677-4CA6-BB99-F40F5416C14E} = {2F500CC8-A109-44C5-A5C1-F130BC60F61A}
		{2C2F1E69-1BDF-498F-82C7-C8BCC6EC5F21} = {2F500CC8-A109-44C5-A5C1-F130BC60F61A}
		{467BDB66-3A82-45A6-A060-F71696E97E1C} = {2F500CC8-A109-44C5-A5C1-F130BC60F61A}
		{263344A0-60A6-44B8-8D6F-9907090754D0} = {603C18BE-F225-421E-8C5E-1B1147EC1808}
		{D7081E3A-C197-4F8E-A30F-E330B6308FD7} = {2F500CC8-A109-44C5-A5C1-F130BC60F61A}
		{17878F61-2D09-4C75-8735-F4165BBB6D98} = {DE131088-C21A-4894-8587-05976331E118}
		{676B28B7-418B-41EA-9875-6176A92017AF} = {DE131088-C21A-4894-8587-05976331E118}
		{B8FD6D7D-3700-4DAF-A7A1-9FF1D86C1ACE} = {EA6385BB-ADB8-4CAF-8E9B-90E75A5104B0}
		{BF640616-4953-47C5-8BEC-613A645CFDD1} = {EA6385BB-ADB8-4CAF-8E9B-90E75A5104B0}
		{167D2B19-F361-4093-8E1F-61D5778F5C5D} = {EA6385BB-ADB8-4CAF-8E9B-90E75A5104B0}
		{B673CA30-C64D-4093-ADFE-012750E70678} = {2F500CC8-A109-44C5-A5C1-F130BC60F61A}
	EndGlobalSection
	GlobalSection(ExtensibilityGlobals) = postSolution
		BuildVersion_AssemblyInfoFilename = IntellaLendAPI\Properties\AssemblyInfo.cs
		BuildVersion_UseUniversalClock = True
		BuildVersion_UseGlobalSettings = True
		BuildVersion_StartDate = 2017/9/1
		BuildVersion_UpdateFileVersion = True
		BuildVersion_UpdateAssemblyVersion = True
		BuildVersion_BuildVersioningStyle = YearStamp.MonthStamp.DayStamp.TimeStamp
		EnterpriseLibraryConfigurationToolBinariesPathV6 = packages\EnterpriseLibrary.Common.6.0.1304.0\lib\NET45;packages\EnterpriseLibrary.ExceptionHandling.6.0.1304.0\lib\NET45;packages\EnterpriseLibrary.Logging.6.0.1304.0\lib\NET45;packages\EnterpriseLibrary.ExceptionHandling.Logging.6.0.1304.0\lib\NET45;packages\EnterpriseLibrary.Data.6.0.1304.0\lib\NET45
	EndGlobalSection
EndGlobal
