
Microsoft Visual Studio Solution File, Format Version 12.00
# Visual Studio 14
VisualStudioVersion = 14.0.23107.0
MinimumVisualStudioVersion = 10.0.40219.1
Project("{FAE04EC0-301F-11D3-BF4B-00C04F79EFBC}") = "DBToMinio", "DBToMinio\DBToMinio.csproj", "{4ABF0A5E-79F1-4E9B-B44C-153449C3BF0C}"
EndProject
Project("{FAE04EC0-301F-11D3-BF4B-00C04F79EFBC}") = "IntellaLend.MinIOWrapper", "..\..\..\IntellaLendBlocks\IntellaLend.MinIOWrapper\IntellaLend.MinIOWrapper.csproj", "{467BDB66-3A82-45A6-A060-F71696E97E1C}"
EndProject
Global
	GlobalSection(SolutionConfigurationPlatforms) = preSolution
		Debug|Any CPU = Debug|Any CPU
		Release|Any CPU = Release|Any CPU
	EndGlobalSection
	GlobalSection(ProjectConfigurationPlatforms) = postSolution
		{4ABF0A5E-79F1-4E9B-B44C-153449C3BF0C}.Debug|Any CPU.ActiveCfg = Debug|Any CPU
		{4ABF0A5E-79F1-4E9B-B44C-153449C3BF0C}.Debug|Any CPU.Build.0 = Debug|Any CPU
		{4ABF0A5E-79F1-4E9B-B44C-153449C3BF0C}.Release|Any CPU.ActiveCfg = Release|Any CPU
		{4ABF0A5E-79F1-4E9B-B44C-153449C3BF0C}.Release|Any CPU.Build.0 = Release|Any CPU
		{467BDB66-3A82-45A6-A060-F71696E97E1C}.Debug|Any CPU.ActiveCfg = Debug|Any CPU
		{467BDB66-3A82-45A6-A060-F71696E97E1C}.Debug|Any CPU.Build.0 = Debug|Any CPU
		{467BDB66-3A82-45A6-A060-F71696E97E1C}.Release|Any CPU.ActiveCfg = Release|Any CPU
		{467BDB66-3A82-45A6-A060-F71696E97E1C}.Release|Any CPU.Build.0 = Release|Any CPU
	EndGlobalSection
	GlobalSection(SolutionProperties) = preSolution
		HideSolutionNode = FALSE
	EndGlobalSection
EndGlobal
