
Microsoft Visual Studio Solution File, Format Version 12.00
# Visual Studio 14
VisualStudioVersion = 14.0.25420.1
MinimumVisualStudioVersion = 10.0.40219.1
Project("{FAE04EC0-301F-11D3-BF4B-00C04F79EFBC}") = "ServiceDebugger", "ServiceDebugger\ServiceDebugger\ServiceDebugger.csproj", "{33BEFC54-0575-433C-BED3-912338BCED36}"
EndProject
Project("{2150E333-8FDC-42A3-9474-1A3956D46DE8}") = "Blocks", "Blocks", "{5442B967-5785-41F3-8F7C-531215030F8F}"
EndProject
Project("{2150E333-8FDC-42A3-9474-1A3956D46DE8}") = "Base", "Base", "{0F4F3C5A-ED12-4290-9CEB-122C5B23BDC4}"
EndProject
Project("{FAE04EC0-301F-11D3-BF4B-00C04F79EFBC}") = "MTS.ServiceBase", "MTSServiceBase\MTS.ServiceBase\MTS.ServiceBase.csproj", "{3656A14B-8B9B-4C44-B3A4-7964A0A27777}"
EndProject
Project("{FAE04EC0-301F-11D3-BF4B-00C04F79EFBC}") = "MTS.ServiceLoader", "MTSServiceBase\MTS.ServiceLoader\MTS.ServiceLoader.csproj", "{C39C87F2-0745-4678-AE5D-97064EFCD7C8}"
EndProject
Project("{FAE04EC0-301F-11D3-BF4B-00C04F79EFBC}") = "MTSServiceController", "MTSServiceController\MTSServiceController.csproj", "{1AAEAA6F-655D-476F-B92F-79D148E025C1}"
EndProject
Project("{2150E333-8FDC-42A3-9474-1A3956D46DE8}") = "Services", "Services", "{ED93DCDF-6DA9-48CD-A0C2-F7DDB1887941}"
EndProject
Project("{2150E333-8FDC-42A3-9474-1A3956D46DE8}") = "Debugger", "Debugger", "{A26836D4-0A7C-4799-8DD8-77F23626FBB2}"
EndProject
Project("{2150E333-8FDC-42A3-9474-1A3956D46DE8}") = "EntityDataModel", "EntityDataModel", "{87F7DC00-7C0A-409F-8B5D-69E3180FAC5E}"
EndProject
Project("{FAE04EC0-301F-11D3-BF4B-00C04F79EFBC}") = "IL.ImportToIntellaLend", "IL.ImportToIntellaLend\IL.ImportToIntellaLend.csproj", "{8BC27908-7FAE-4221-88EB-E9E3474A59C5}"
EndProject
Project("{FAE04EC0-301F-11D3-BF4B-00C04F79EFBC}") = "IL.ExportToEphesoft", "IL.ExportToEphesoft\IL.ExportToEphesoft.csproj", "{D87107B1-6DB0-4FAA-8E26-BA9CD62AA3EF}"
EndProject
Project("{FAE04EC0-301F-11D3-BF4B-00C04F79EFBC}") = "IL.EmailManager", "MTS.EmailManager\IL.EmailManager.csproj", "{96755891-949C-47F2-9257-B30D861A9E23}"
EndProject
Project("{2150E333-8FDC-42A3-9474-1A3956D46DE8}") = "XMLHelper", "XMLHelper", "{E3B16C4F-804F-4287-B02D-ACE60051DBD6}"
EndProject
Project("{FAE04EC0-301F-11D3-BF4B-00C04F79EFBC}") = "MTSXMLParsing", "MTSXMLParsing\MTSXMLParsing.csproj", "{7F7ECC61-0726-47DF-8851-511300396FA7}"
EndProject
Project("{FAE04EC0-301F-11D3-BF4B-00C04F79EFBC}") = "IntellaLend.Model", "..\IntellaLendBlocks\IntellaLend.Model\IntellaLend.Model.csproj", "{1153D611-E67C-4A1A-BE68-EE2AEEA2DF8E}"
EndProject
Project("{FAE04EC0-301F-11D3-BF4B-00C04F79EFBC}") = "MTSEntityDataAccess", "..\IntellaLendBlocks\MTSEntityDataAccess\MTSEntityDataAccess.csproj", "{9980D561-76C0-486F-9744-5D1BF6512B9D}"
EndProject
Project("{FAE04EC0-301F-11D3-BF4B-00C04F79EFBC}") = "IntellaLend.WFProxy", "..\IntellaLendBlocks\IntellaLend.WFProxy\IntellaLend.WFProxy.csproj", "{99230248-B677-4CA6-BB99-F40F5416C14E}"
EndProject
Project("{FAE04EC0-301F-11D3-BF4B-00C04F79EFBC}") = "IntellaLend.Constance", "..\IntellaLendBlocks\IntellaLend.Constance\IntellaLend.Constance.csproj", "{A8B652A8-EA6C-4080-9F2B-DDDA23E14A51}"
EndProject
Project("{FAE04EC0-301F-11D3-BF4B-00C04F79EFBC}") = "IntellaLend.Audit", "..\IntellaLendBlocks\IntellaLend.Audit\IntellaLend.Audit.csproj", "{5E3BC39D-0158-4696-A805-4D9E0E06D008}"
EndProject
Project("{FAE04EC0-301F-11D3-BF4B-00C04F79EFBC}") = "IL.BoxFileDownloader", "IL.BoxFileDownloader\IL.BoxFileDownloader.csproj", "{3AA28172-F0BC-42A4-8D4D-FDEAA491AD51}"
EndProject
Project("{FAE04EC0-301F-11D3-BF4B-00C04F79EFBC}") = "IntellaLend.BoxWrapper", "..\IntellaLendBlocks\IntellaLend.BoxWrapper\IntellaLend.BoxWrapper.csproj", "{921DAE60-FC24-4136-935B-35B105B09E72}"
EndProject
Project("{FAE04EC0-301F-11D3-BF4B-00C04F79EFBC}") = "IL.PurgeLoan", "IL.PurgeLoan\IL.PurgeLoan.csproj", "{E0379541-9DD6-4445-8C2B-371D4B03269E}"
EndProject
Project("{FAE04EC0-301F-11D3-BF4B-00C04F79EFBC}") = "UtilsBlock", "..\IntellaLendBlocks\UtilsBlock\UtilsBlock.csproj", "{60C51B78-D847-4463-95FD-123D2E8FE1DA}"
EndProject
Project("{FAE04EC0-301F-11D3-BF4B-00C04F79EFBC}") = "LoanPDFGenerator", "UtilApps\LoanPDFGenrator\LoanPDFGenerator.csproj", "{A0219357-ED48-45B4-BED0-2FA9F6AB892A}"
EndProject
Project("{2150E333-8FDC-42A3-9474-1A3956D46DE8}") = "UtilityApps", "UtilityApps", "{346A6533-4020-49ED-BFA7-B797526274D1}"
EndProject
Project("{FAE04EC0-301F-11D3-BF4B-00C04F79EFBC}") = "GetLoanExtractionPercentage", "UtilApps\GetLoanExtractionPercentage\GetLoanExtractionPercentage.csproj", "{EC616B76-080B-4A1E-820C-08CCC28A45E1}"
EndProject
Project("{FAE04EC0-301F-11D3-BF4B-00C04F79EFBC}") = "IL.OCRExtractionPercentage", "IL.OCRExtractionPercentage\IL.OCRExtractionPercentage.csproj", "{1919576B-2600-4861-9F5F-C4D6DF7AEE2F}"
EndProject
Project("{FAE04EC0-301F-11D3-BF4B-00C04F79EFBC}") = "GetBatchIDs", "UtilApps\GetBatchIDs\GetBatchIDs.csproj", "{9699C85F-E04A-4156-B0F8-EF9EC02955FE}"
EndProject
Project("{FAE04EC0-301F-11D3-BF4B-00C04F79EFBC}") = "PDFConversionCheck", "UtilApps\PDFConversionCheck\PDFConversionCheck.csproj", "{00257044-6795-45D5-B7A0-B79D69FD327A}"
EndProject
Project("{FAE04EC0-301F-11D3-BF4B-00C04F79EFBC}") = "IL.MoveToEphesoft", "IL.MoveToEphesoft\IL.MoveToEphesoft.csproj", "{08A5524C-5B88-47E1-84CD-58C609751425}"
EndProject
Project("{FAE04EC0-301F-11D3-BF4B-00C04F79EFBC}") = "IntellaLend.MinIOWrapper", "..\IntellaLendBlocks\IntellaLend.MinIOWrapper\IntellaLend.MinIOWrapper.csproj", "{467BDB66-3A82-45A6-A060-F71696E97E1C}"
EndProject
Project("{FAE04EC0-301F-11D3-BF4B-00C04F79EFBC}") = "LoanImageMigration", "UtilApps\LoanImageMigration\LoanImageMigration.csproj", "{E1A372D1-5A8A-4B12-AFD1-C7848BA35DFF}"
EndProject
Project("{FAE04EC0-301F-11D3-BF4B-00C04F79EFBC}") = "UpdateLoanDuration", "UtilApps\UpdateLoanDuration\UpdateLoanDuration.csproj", "{F59B4D63-FBE8-4BDC-A402-F523E966B775}"
EndProject
Project("{FAE04EC0-301F-11D3-BF4B-00C04F79EFBC}") = "IL.SynchronizeLoanType", "IL.SynchronizeLoanType\IL.SynchronizeLoanType.csproj", "{0A126649-EA3C-44A9-A50E-15D87BCC9339}"
EndProject
Project("{FAE04EC0-301F-11D3-BF4B-00C04F79EFBC}") = "LoanPDFCheck", "LoanPDFCheck\LoanPDFCheck.csproj", "{36CF4CE7-22A6-45B5-B76F-A9A0AF096D5F}"
EndProject
Project("{FAE04EC0-301F-11D3-BF4B-00C04F79EFBC}") = "MigrationMoveExceptionPDF", "MigrationMoveExceptionPDF\MigrationMoveExceptionPDF.csproj", "{F1A52933-F381-4AE9-B8FC-AE17DF44A142}"
EndProject
Project("{FAE04EC0-301F-11D3-BF4B-00C04F79EFBC}") = "RetryExceptionLoanImages", "RetryExceptionLoanImages\RetryExceptionLoanImages.csproj", "{C398A8CE-BEC7-464B-B723-7FC6A1FB5372}"
EndProject
Project("{FAE04EC0-301F-11D3-BF4B-00C04F79EFBC}") = "DatabaseMigrationTool", "DatabaseMigrationTool\DatabaseMigrationTool.csproj", "{1CEA6394-5223-466B-89E5-E9047D884C1A}"
EndProject
Project("{FAE04EC0-301F-11D3-BF4B-00C04F79EFBC}") = "CheckPageNumber", "CheckPageNumber\CheckPageNumber\CheckPageNumber.csproj", "{07DC5BF6-3261-4764-9651-9096C9C5D2F0}"
EndProject
Project("{FAE04EC0-301F-11D3-BF4B-00C04F79EFBC}") = "MoveImageAndPDFToMinIO", "UtilApps\MoveImageAndPDFToMinIO\MoveImageAndPDFToMinIO.csproj", "{2D0228DA-D7AD-487C-AF9C-805164A190E0}"
EndProject
Project("{FAE04EC0-301F-11D3-BF4B-00C04F79EFBC}") = "CheckStackingOrderPDF", "UtilApps\CheckStackingOrderPDF\CheckStackingOrderPDF.csproj", "{72FE0AF8-80DD-46B8-A5FC-80FB19E45707}"
EndProject
Project("{FAE04EC0-301F-11D3-BF4B-00C04F79EFBC}") = "GenerateLoanPDFWithAllPages", "UtilApps\GenerateLoanPDFWithAllPages\GenerateLoanPDFWithAllPages.csproj", "{555F9AF0-0CE5-4228-90E1-7E1CA4D986F7}"
EndProject
Project("{FAE04EC0-301F-11D3-BF4B-00C04F79EFBC}") = "IL.ImportStaging", "IL.ImportStaging\IL.ImportStaging.csproj", "{A96307B6-F83B-4B31-B793-8970EE44C9F7}"
EndProject
Project("{FAE04EC0-301F-11D3-BF4B-00C04F79EFBC}") = "LoanStackingOrder", "UtilApps\LoanStackingOrder\LoanStackingOrder.csproj", "{AAE4E03C-5C5E-43A8-9BA5-F56B84C9C131}"
EndProject
Project("{FAE04EC0-301F-11D3-BF4B-00C04F79EFBC}") = "IL.EmailTrackers", "IL.EmailTracker\IL.EmailTrackers.csproj", "{FFF940C6-B0A2-4943-A70F-7A7D0D558ABD}"
EndProject
Project("{FAE04EC0-301F-11D3-BF4B-00C04F79EFBC}") = "IL.LoanJobsExport", "IL.LoanBatchExport\IL.LoanJobsExport.csproj", "{31B863C0-5E5B-46E7-9793-E88A41E437D7}"
EndProject
Project("{FAE04EC0-301F-11D3-BF4B-00C04F79EFBC}") = "IL.ImportFromUNC", "IL.ImportFromUNC\IL.ImportFromUNC.csproj", "{8B09FCE6-B320-4487-B6C8-EF15BB0F819B}"
EndProject
Project("{FAE04EC0-301F-11D3-BF4B-00C04F79EFBC}") = "IntellaLend.AuditData", "..\IntellaLendBlocks\IntellaLend.AuditData\IntellaLend.AuditData.csproj", "{263344A0-60A6-44B8-8D6F-9907090754D0}"
EndProject
Project("{FAE04EC0-301F-11D3-BF4B-00C04F79EFBC}") = "IL.LoanStatusUpdate", "IL.LoanStatusUpdate\IL.LoanStatusUpdate.csproj", "{CB480522-C847-4EFD-A5AB-B312033CC61C}"
EndProject
Project("{FAE04EC0-301F-11D3-BF4B-00C04F79EFBC}") = "BoxPDFDownloader", "UtilApps\BoxPDFDownloader\BoxPDFDownloader.csproj", "{1501F651-E648-41AB-AC77-04849D17FD3D}"
EndProject
Project("{FAE04EC0-301F-11D3-BF4B-00C04F79EFBC}") = "CheckDuplicateLoanPDF", "UtilApps\CheckDuplicateLoanPDF\CheckDuplicateLoanPDF.csproj", "{A5FCF387-4A41-42CC-83AB-6E926F31D907}"
EndProject
Project("{FAE04EC0-301F-11D3-BF4B-00C04F79EFBC}") = "SimpleHttpServer", "..\IntellaLendBlocks\SimpleHttpServer\SimpleHttpServer.csproj", "{9E139539-C272-488A-BFCF-CADDF458DF9D}"
EndProject
Project("{FAE04EC0-301F-11D3-BF4B-00C04F79EFBC}") = "IL.AutomateBoxDownloder", "IL.AutomateBoxDownloder\IL.AutomateBoxDownloder.csproj", "{F1245762-8F7F-49DF-8001-711752A48165}"
EndProject
Project("{FAE04EC0-301F-11D3-BF4B-00C04F79EFBC}") = "IL.EncompassFileDownloader", "IL.EncompassFileDownloader\IL.EncompassFileDownloader.csproj", "{A62632E9-7209-4129-B539-528C431A1E2C}"
EndProject
Project("{2150E333-8FDC-42A3-9474-1A3956D46DE8}") = "Encompass", "Encompass", "{67367C5A-F593-4C6E-A7E5-88C822FB3392}"
EndProject
Project("{FAE04EC0-301F-11D3-BF4B-00C04F79EFBC}") = "EncompassRequest", "EncompassRequest\EncompassRequest.csproj", "{676B28B7-418B-41EA-9875-6176A92017AF}"
EndProject
Project("{FAE04EC0-301F-11D3-BF4B-00C04F79EFBC}") = "EncompassConstant", "EncompassConstant\EncompassConstant.csproj", "{2F9CB5B8-D67E-4A84-86E2-176456B75D2E}"
EndProject
Project("{FAE04EC0-301F-11D3-BF4B-00C04F79EFBC}") = "EncompassWrapperInterseptor", "EncompassWrapperInterseptor\EncompassWrapperInterseptor.csproj", "{17878F61-2D09-4C75-8735-F4165BBB6D98}"
EndProject
Project("{FAE04EC0-301F-11D3-BF4B-00C04F79EFBC}") = "IL.EncompassTrailingFileDownloader", "IL.EncompassTrailingFileDownloader\IL.EncompassTrailingFileDownloader.csproj", "{092347E4-A6B7-4720-8AB0-17754CFDDB6F}"
EndProject
Project("{FAE04EC0-301F-11D3-BF4B-00C04F79EFBC}") = "IL.EncompassFileUploader", "IL.EncompassUpload\IL.EncompassFileUploader.csproj", "{69216CAF-902E-4FB0-A35C-4922AAFC7E19}"
EndProject
Project("{FAE04EC0-301F-11D3-BF4B-00C04F79EFBC}") = "EncompassAPIHelper", "EncompassAPIHelper\EncompassAPIHelper.csproj", "{35AADAC3-866B-4E35-AD92-D7076ADB2930}"
EndProject
Project("{FAE04EC0-301F-11D3-BF4B-00C04F79EFBC}") = "IL.EncompassServiceMonitor", "IL.EncompassServiceMonitor\IL.EncompassServiceMonitor.csproj", "{A749FD61-D3F1-4E47-8815-D0F8F807B367}"
EndProject
Project("{FAE04EC0-301F-11D3-BF4B-00C04F79EFBC}") = "IL.KPIGoalConfiguration", "IL.KPIGoalConfiguration\IL.KPIGoalConfiguration.csproj", "{11EFFC69-5C4A-410A-8F13-040F66878958}"
EndProject
Project("{FAE04EC0-301F-11D3-BF4B-00C04F79EFBC}") = "MTSEntBlocks.DataBlock", "..\IntellaLendBlocks\MTSEntBlocks.DataBlock\MTSEntBlocks.DataBlock.csproj", "{B8FD6D7D-3700-4DAF-A7A1-9FF1D86C1ACE}"
EndProject
Project("{FAE04EC0-301F-11D3-BF4B-00C04F79EFBC}") = "MTSEntBlocks.ExceptionBlock", "..\IntellaLendBlocks\MTSEntBlocks.ExceptionBlock\MTSEntBlocks.ExceptionBlock.csproj", "{BF640616-4953-47C5-8BEC-613A645CFDD1}"
EndProject
Project("{FAE04EC0-301F-11D3-BF4B-00C04F79EFBC}") = "MTSEntBlocks.LoggerBlock", "..\IntellaLendBlocks\MTSEntBlocks.LoggerBlock\MTSEntBlocks.LoggerBlock.csproj", "{167D2B19-F361-4093-8E1F-61D5778F5C5D}"
EndProject
Project("{FAE04EC0-301F-11D3-BF4B-00C04F79EFBC}") = "StackingOrderPDFGenerator", "Utilis\StackingOrderPDFGenerator\StackingOrderPDFGenerator.csproj", "{4F2DE537-AF0F-4327-A979-FFBA3EF2541B}"
EndProject
Project("{FAE04EC0-301F-11D3-BF4B-00C04F79EFBC}") = "IL.LOSLoanImport", "IL.LOSLoanImportStaging\IL.LOSLoanImport.csproj", "{F2C4600B-783C-42B5-9D83-A0256E3E5400}"
EndProject
Project("{FAE04EC0-301F-11D3-BF4B-00C04F79EFBC}") = "IL.LOSExceptionExport", "IL.LOSExceptionExport\IL.LOSExceptionExport.csproj", "{D246A3B1-8ADF-42A4-AD6E-A5B7DB0A2FA2}"
EndProject
Project("{FAE04EC0-301F-11D3-BF4B-00C04F79EFBC}") = "IL.LOSLoanExport", "IL.LOSLoanExport\IL.LOSLoanExport.csproj", "{D2BB64CC-DC96-499A-B27C-460C315A2553}"
EndProject
Project("{FAE04EC0-301F-11D3-BF4B-00C04F79EFBC}") = "batchObjTesting", "batchObjTesting\batchObjTesting.csproj", "{7C828CC9-C65D-4530-9ABE-7D040B289996}"
EndProject
Global
	GlobalSection(SolutionConfigurationPlatforms) = preSolution
		Debug|Any CPU = Debug|Any CPU
		Debug|x86 = Debug|x86
		Release|Any CPU = Release|Any CPU
		Release|x86 = Release|x86
	EndGlobalSection
	GlobalSection(ProjectConfigurationPlatforms) = postSolution
		{33BEFC54-0575-433C-BED3-912338BCED36}.Debug|Any CPU.ActiveCfg = Debug|Any CPU
		{33BEFC54-0575-433C-BED3-912338BCED36}.Debug|Any CPU.Build.0 = Debug|Any CPU
		{33BEFC54-0575-433C-BED3-912338BCED36}.Debug|x86.ActiveCfg = Debug|Any CPU
		{33BEFC54-0575-433C-BED3-912338BCED36}.Debug|x86.Build.0 = Debug|Any CPU
		{33BEFC54-0575-433C-BED3-912338BCED36}.Release|Any CPU.ActiveCfg = Release|Any CPU
		{33BEFC54-0575-433C-BED3-912338BCED36}.Release|x86.ActiveCfg = Release|Any CPU
		{33BEFC54-0575-433C-BED3-912338BCED36}.Release|x86.Build.0 = Release|Any CPU
		{3656A14B-8B9B-4C44-B3A4-7964A0A27777}.Debug|Any CPU.ActiveCfg = Debug|Any CPU
		{3656A14B-8B9B-4C44-B3A4-7964A0A27777}.Debug|Any CPU.Build.0 = Debug|Any CPU
		{3656A14B-8B9B-4C44-B3A4-7964A0A27777}.Debug|x86.ActiveCfg = Debug|Any CPU
		{3656A14B-8B9B-4C44-B3A4-7964A0A27777}.Debug|x86.Build.0 = Debug|Any CPU
		{3656A14B-8B9B-4C44-B3A4-7964A0A27777}.Release|Any CPU.ActiveCfg = Release|Any CPU
		{3656A14B-8B9B-4C44-B3A4-7964A0A27777}.Release|Any CPU.Build.0 = Release|Any CPU
		{3656A14B-8B9B-4C44-B3A4-7964A0A27777}.Release|x86.ActiveCfg = Release|Any CPU
		{3656A14B-8B9B-4C44-B3A4-7964A0A27777}.Release|x86.Build.0 = Release|Any CPU
		{C39C87F2-0745-4678-AE5D-97064EFCD7C8}.Debug|Any CPU.ActiveCfg = Debug|x86
		{C39C87F2-0745-4678-AE5D-97064EFCD7C8}.Debug|Any CPU.Build.0 = Debug|x86
		{C39C87F2-0745-4678-AE5D-97064EFCD7C8}.Debug|x86.ActiveCfg = Debug|x86
		{C39C87F2-0745-4678-AE5D-97064EFCD7C8}.Debug|x86.Build.0 = Debug|x86
		{C39C87F2-0745-4678-AE5D-97064EFCD7C8}.Release|Any CPU.ActiveCfg = Release|x86
		{C39C87F2-0745-4678-AE5D-97064EFCD7C8}.Release|Any CPU.Build.0 = Release|x86
		{C39C87F2-0745-4678-AE5D-97064EFCD7C8}.Release|x86.ActiveCfg = Release|x86
		{C39C87F2-0745-4678-AE5D-97064EFCD7C8}.Release|x86.Build.0 = Release|x86
		{1AAEAA6F-655D-476F-B92F-79D148E025C1}.Debug|Any CPU.ActiveCfg = Debug|x86
		{1AAEAA6F-655D-476F-B92F-79D148E025C1}.Debug|Any CPU.Build.0 = Debug|x86
		{1AAEAA6F-655D-476F-B92F-79D148E025C1}.Debug|x86.ActiveCfg = Debug|x86
		{1AAEAA6F-655D-476F-B92F-79D148E025C1}.Debug|x86.Build.0 = Debug|x86
		{1AAEAA6F-655D-476F-B92F-79D148E025C1}.Release|Any CPU.ActiveCfg = Release|x86
		{1AAEAA6F-655D-476F-B92F-79D148E025C1}.Release|Any CPU.Build.0 = Release|x86
		{1AAEAA6F-655D-476F-B92F-79D148E025C1}.Release|x86.ActiveCfg = Release|x86
		{1AAEAA6F-655D-476F-B92F-79D148E025C1}.Release|x86.Build.0 = Release|x86
		{8BC27908-7FAE-4221-88EB-E9E3474A59C5}.Debug|Any CPU.ActiveCfg = Debug|Any CPU
		{8BC27908-7FAE-4221-88EB-E9E3474A59C5}.Debug|Any CPU.Build.0 = Debug|Any CPU
		{8BC27908-7FAE-4221-88EB-E9E3474A59C5}.Debug|x86.ActiveCfg = Debug|Any CPU
		{8BC27908-7FAE-4221-88EB-E9E3474A59C5}.Debug|x86.Build.0 = Debug|Any CPU
		{8BC27908-7FAE-4221-88EB-E9E3474A59C5}.Release|Any CPU.ActiveCfg = Release|Any CPU
		{8BC27908-7FAE-4221-88EB-E9E3474A59C5}.Release|Any CPU.Build.0 = Release|Any CPU
		{8BC27908-7FAE-4221-88EB-E9E3474A59C5}.Release|x86.ActiveCfg = Release|Any CPU
		{8BC27908-7FAE-4221-88EB-E9E3474A59C5}.Release|x86.Build.0 = Release|Any CPU
		{D87107B1-6DB0-4FAA-8E26-BA9CD62AA3EF}.Debug|Any CPU.ActiveCfg = Debug|Any CPU
		{D87107B1-6DB0-4FAA-8E26-BA9CD62AA3EF}.Debug|Any CPU.Build.0 = Debug|Any CPU
		{D87107B1-6DB0-4FAA-8E26-BA9CD62AA3EF}.Debug|x86.ActiveCfg = Debug|Any CPU
		{D87107B1-6DB0-4FAA-8E26-BA9CD62AA3EF}.Debug|x86.Build.0 = Debug|Any CPU
		{D87107B1-6DB0-4FAA-8E26-BA9CD62AA3EF}.Release|Any CPU.ActiveCfg = Release|Any CPU
		{D87107B1-6DB0-4FAA-8E26-BA9CD62AA3EF}.Release|Any CPU.Build.0 = Release|Any CPU
		{D87107B1-6DB0-4FAA-8E26-BA9CD62AA3EF}.Release|x86.ActiveCfg = Release|Any CPU
		{D87107B1-6DB0-4FAA-8E26-BA9CD62AA3EF}.Release|x86.Build.0 = Release|Any CPU
		{96755891-949C-47F2-9257-B30D861A9E23}.Debug|Any CPU.ActiveCfg = Debug|Any CPU
		{96755891-949C-47F2-9257-B30D861A9E23}.Debug|Any CPU.Build.0 = Debug|Any CPU
		{96755891-949C-47F2-9257-B30D861A9E23}.Debug|x86.ActiveCfg = Debug|Any CPU
		{96755891-949C-47F2-9257-B30D861A9E23}.Debug|x86.Build.0 = Debug|Any CPU
		{96755891-949C-47F2-9257-B30D861A9E23}.Release|Any CPU.ActiveCfg = Release|Any CPU
		{96755891-949C-47F2-9257-B30D861A9E23}.Release|Any CPU.Build.0 = Release|Any CPU
		{96755891-949C-47F2-9257-B30D861A9E23}.Release|x86.ActiveCfg = Release|Any CPU
		{96755891-949C-47F2-9257-B30D861A9E23}.Release|x86.Build.0 = Release|Any CPU
		{7F7ECC61-0726-47DF-8851-511300396FA7}.Debug|Any CPU.ActiveCfg = Debug|Any CPU
		{7F7ECC61-0726-47DF-8851-511300396FA7}.Debug|Any CPU.Build.0 = Debug|Any CPU
		{7F7ECC61-0726-47DF-8851-511300396FA7}.Debug|x86.ActiveCfg = Debug|Any CPU
		{7F7ECC61-0726-47DF-8851-511300396FA7}.Debug|x86.Build.0 = Debug|Any CPU
		{7F7ECC61-0726-47DF-8851-511300396FA7}.Release|Any CPU.ActiveCfg = Release|Any CPU
		{7F7ECC61-0726-47DF-8851-511300396FA7}.Release|Any CPU.Build.0 = Release|Any CPU
		{7F7ECC61-0726-47DF-8851-511300396FA7}.Release|x86.ActiveCfg = Release|Any CPU
		{7F7ECC61-0726-47DF-8851-511300396FA7}.Release|x86.Build.0 = Release|Any CPU
		{1153D611-E67C-4A1A-BE68-EE2AEEA2DF8E}.Debug|Any CPU.ActiveCfg = Debug|Any CPU
		{1153D611-E67C-4A1A-BE68-EE2AEEA2DF8E}.Debug|Any CPU.Build.0 = Debug|Any CPU
		{1153D611-E67C-4A1A-BE68-EE2AEEA2DF8E}.Debug|x86.ActiveCfg = Debug|Any CPU
		{1153D611-E67C-4A1A-BE68-EE2AEEA2DF8E}.Debug|x86.Build.0 = Debug|Any CPU
		{1153D611-E67C-4A1A-BE68-EE2AEEA2DF8E}.Release|Any CPU.ActiveCfg = Release|Any CPU
		{1153D611-E67C-4A1A-BE68-EE2AEEA2DF8E}.Release|Any CPU.Build.0 = Release|Any CPU
		{1153D611-E67C-4A1A-BE68-EE2AEEA2DF8E}.Release|x86.ActiveCfg = Release|Any CPU
		{1153D611-E67C-4A1A-BE68-EE2AEEA2DF8E}.Release|x86.Build.0 = Release|Any CPU
		{9980D561-76C0-486F-9744-5D1BF6512B9D}.Debug|Any CPU.ActiveCfg = Debug|Any CPU
		{9980D561-76C0-486F-9744-5D1BF6512B9D}.Debug|Any CPU.Build.0 = Debug|Any CPU
		{9980D561-76C0-486F-9744-5D1BF6512B9D}.Debug|x86.ActiveCfg = Debug|Any CPU
		{9980D561-76C0-486F-9744-5D1BF6512B9D}.Debug|x86.Build.0 = Debug|Any CPU
		{9980D561-76C0-486F-9744-5D1BF6512B9D}.Release|Any CPU.ActiveCfg = Release|Any CPU
		{9980D561-76C0-486F-9744-5D1BF6512B9D}.Release|Any CPU.Build.0 = Release|Any CPU
		{9980D561-76C0-486F-9744-5D1BF6512B9D}.Release|x86.ActiveCfg = Release|Any CPU
		{9980D561-76C0-486F-9744-5D1BF6512B9D}.Release|x86.Build.0 = Release|Any CPU
		{99230248-B677-4CA6-BB99-F40F5416C14E}.Debug|Any CPU.ActiveCfg = Debug|Any CPU
		{99230248-B677-4CA6-BB99-F40F5416C14E}.Debug|Any CPU.Build.0 = Debug|Any CPU
		{99230248-B677-4CA6-BB99-F40F5416C14E}.Debug|x86.ActiveCfg = Debug|Any CPU
		{99230248-B677-4CA6-BB99-F40F5416C14E}.Debug|x86.Build.0 = Debug|Any CPU
		{99230248-B677-4CA6-BB99-F40F5416C14E}.Release|Any CPU.ActiveCfg = Release|Any CPU
		{99230248-B677-4CA6-BB99-F40F5416C14E}.Release|Any CPU.Build.0 = Release|Any CPU
		{99230248-B677-4CA6-BB99-F40F5416C14E}.Release|x86.ActiveCfg = Release|Any CPU
		{99230248-B677-4CA6-BB99-F40F5416C14E}.Release|x86.Build.0 = Release|Any CPU
		{A8B652A8-EA6C-4080-9F2B-DDDA23E14A51}.Debug|Any CPU.ActiveCfg = Debug|Any CPU
		{A8B652A8-EA6C-4080-9F2B-DDDA23E14A51}.Debug|Any CPU.Build.0 = Debug|Any CPU
		{A8B652A8-EA6C-4080-9F2B-DDDA23E14A51}.Debug|x86.ActiveCfg = Debug|Any CPU
		{A8B652A8-EA6C-4080-9F2B-DDDA23E14A51}.Debug|x86.Build.0 = Debug|Any CPU
		{A8B652A8-EA6C-4080-9F2B-DDDA23E14A51}.Release|Any CPU.ActiveCfg = Release|Any CPU
		{A8B652A8-EA6C-4080-9F2B-DDDA23E14A51}.Release|Any CPU.Build.0 = Release|Any CPU
		{A8B652A8-EA6C-4080-9F2B-DDDA23E14A51}.Release|x86.ActiveCfg = Release|Any CPU
		{A8B652A8-EA6C-4080-9F2B-DDDA23E14A51}.Release|x86.Build.0 = Release|Any CPU
		{5E3BC39D-0158-4696-A805-4D9E0E06D008}.Debug|Any CPU.ActiveCfg = Debug|Any CPU
		{5E3BC39D-0158-4696-A805-4D9E0E06D008}.Debug|Any CPU.Build.0 = Debug|Any CPU
		{5E3BC39D-0158-4696-A805-4D9E0E06D008}.Debug|x86.ActiveCfg = Debug|Any CPU
		{5E3BC39D-0158-4696-A805-4D9E0E06D008}.Debug|x86.Build.0 = Debug|Any CPU
		{5E3BC39D-0158-4696-A805-4D9E0E06D008}.Release|Any CPU.ActiveCfg = Release|Any CPU
		{5E3BC39D-0158-4696-A805-4D9E0E06D008}.Release|Any CPU.Build.0 = Release|Any CPU
		{5E3BC39D-0158-4696-A805-4D9E0E06D008}.Release|x86.ActiveCfg = Release|Any CPU
		{5E3BC39D-0158-4696-A805-4D9E0E06D008}.Release|x86.Build.0 = Release|Any CPU
		{3AA28172-F0BC-42A4-8D4D-FDEAA491AD51}.Debug|Any CPU.ActiveCfg = Debug|Any CPU
		{3AA28172-F0BC-42A4-8D4D-FDEAA491AD51}.Debug|Any CPU.Build.0 = Debug|Any CPU
		{3AA28172-F0BC-42A4-8D4D-FDEAA491AD51}.Debug|x86.ActiveCfg = Debug|Any CPU
		{3AA28172-F0BC-42A4-8D4D-FDEAA491AD51}.Debug|x86.Build.0 = Debug|Any CPU
		{3AA28172-F0BC-42A4-8D4D-FDEAA491AD51}.Release|Any CPU.ActiveCfg = Release|Any CPU
		{3AA28172-F0BC-42A4-8D4D-FDEAA491AD51}.Release|Any CPU.Build.0 = Release|Any CPU
		{3AA28172-F0BC-42A4-8D4D-FDEAA491AD51}.Release|x86.ActiveCfg = Release|Any CPU
		{3AA28172-F0BC-42A4-8D4D-FDEAA491AD51}.Release|x86.Build.0 = Release|Any CPU
		{921DAE60-FC24-4136-935B-35B105B09E72}.Debug|Any CPU.ActiveCfg = Debug|Any CPU
		{921DAE60-FC24-4136-935B-35B105B09E72}.Debug|Any CPU.Build.0 = Debug|Any CPU
		{921DAE60-FC24-4136-935B-35B105B09E72}.Debug|x86.ActiveCfg = Debug|Any CPU
		{921DAE60-FC24-4136-935B-35B105B09E72}.Debug|x86.Build.0 = Debug|Any CPU
		{921DAE60-FC24-4136-935B-35B105B09E72}.Release|Any CPU.ActiveCfg = Release|Any CPU
		{921DAE60-FC24-4136-935B-35B105B09E72}.Release|Any CPU.Build.0 = Release|Any CPU
		{921DAE60-FC24-4136-935B-35B105B09E72}.Release|x86.ActiveCfg = Release|Any CPU
		{921DAE60-FC24-4136-935B-35B105B09E72}.Release|x86.Build.0 = Release|Any CPU
		{E0379541-9DD6-4445-8C2B-371D4B03269E}.Debug|Any CPU.ActiveCfg = Debug|Any CPU
		{E0379541-9DD6-4445-8C2B-371D4B03269E}.Debug|Any CPU.Build.0 = Debug|Any CPU
		{E0379541-9DD6-4445-8C2B-371D4B03269E}.Debug|x86.ActiveCfg = Debug|Any CPU
		{E0379541-9DD6-4445-8C2B-371D4B03269E}.Debug|x86.Build.0 = Debug|Any CPU
		{E0379541-9DD6-4445-8C2B-371D4B03269E}.Release|Any CPU.ActiveCfg = Release|Any CPU
		{E0379541-9DD6-4445-8C2B-371D4B03269E}.Release|Any CPU.Build.0 = Release|Any CPU
		{E0379541-9DD6-4445-8C2B-371D4B03269E}.Release|x86.ActiveCfg = Release|Any CPU
		{E0379541-9DD6-4445-8C2B-371D4B03269E}.Release|x86.Build.0 = Release|Any CPU
		{60C51B78-D847-4463-95FD-123D2E8FE1DA}.Debug|Any CPU.ActiveCfg = Debug|Any CPU
		{60C51B78-D847-4463-95FD-123D2E8FE1DA}.Debug|Any CPU.Build.0 = Debug|Any CPU
		{60C51B78-D847-4463-95FD-123D2E8FE1DA}.Debug|x86.ActiveCfg = Debug|Any CPU
		{60C51B78-D847-4463-95FD-123D2E8FE1DA}.Debug|x86.Build.0 = Debug|Any CPU
		{60C51B78-D847-4463-95FD-123D2E8FE1DA}.Release|Any CPU.ActiveCfg = Release|Any CPU
		{60C51B78-D847-4463-95FD-123D2E8FE1DA}.Release|Any CPU.Build.0 = Release|Any CPU
		{60C51B78-D847-4463-95FD-123D2E8FE1DA}.Release|x86.ActiveCfg = Release|Any CPU
		{60C51B78-D847-4463-95FD-123D2E8FE1DA}.Release|x86.Build.0 = Release|Any CPU
		{A0219357-ED48-45B4-BED0-2FA9F6AB892A}.Debug|Any CPU.ActiveCfg = Debug|Any CPU
		{A0219357-ED48-45B4-BED0-2FA9F6AB892A}.Debug|x86.ActiveCfg = Debug|Any CPU
		{A0219357-ED48-45B4-BED0-2FA9F6AB892A}.Debug|x86.Build.0 = Debug|Any CPU
		{A0219357-ED48-45B4-BED0-2FA9F6AB892A}.Release|Any CPU.ActiveCfg = Release|Any CPU
		{A0219357-ED48-45B4-BED0-2FA9F6AB892A}.Release|x86.ActiveCfg = Release|Any CPU
		{A0219357-ED48-45B4-BED0-2FA9F6AB892A}.Release|x86.Build.0 = Release|Any CPU
		{EC616B76-080B-4A1E-820C-08CCC28A45E1}.Debug|Any CPU.ActiveCfg = Debug|Any CPU
		{EC616B76-080B-4A1E-820C-08CCC28A45E1}.Debug|x86.ActiveCfg = Debug|Any CPU
		{EC616B76-080B-4A1E-820C-08CCC28A45E1}.Debug|x86.Build.0 = Debug|Any CPU
		{EC616B76-080B-4A1E-820C-08CCC28A45E1}.Release|Any CPU.ActiveCfg = Release|Any CPU
		{EC616B76-080B-4A1E-820C-08CCC28A45E1}.Release|x86.ActiveCfg = Release|Any CPU
		{EC616B76-080B-4A1E-820C-08CCC28A45E1}.Release|x86.Build.0 = Release|Any CPU
		{1919576B-2600-4861-9F5F-C4D6DF7AEE2F}.Debug|Any CPU.ActiveCfg = Debug|Any CPU
		{1919576B-2600-4861-9F5F-C4D6DF7AEE2F}.Debug|Any CPU.Build.0 = Debug|Any CPU
		{1919576B-2600-4861-9F5F-C4D6DF7AEE2F}.Debug|x86.ActiveCfg = Debug|Any CPU
		{1919576B-2600-4861-9F5F-C4D6DF7AEE2F}.Debug|x86.Build.0 = Debug|Any CPU
		{1919576B-2600-4861-9F5F-C4D6DF7AEE2F}.Release|Any CPU.ActiveCfg = Release|Any CPU
		{1919576B-2600-4861-9F5F-C4D6DF7AEE2F}.Release|Any CPU.Build.0 = Release|Any CPU
		{1919576B-2600-4861-9F5F-C4D6DF7AEE2F}.Release|x86.ActiveCfg = Release|Any CPU
		{1919576B-2600-4861-9F5F-C4D6DF7AEE2F}.Release|x86.Build.0 = Release|Any CPU
		{9699C85F-E04A-4156-B0F8-EF9EC02955FE}.Debug|Any CPU.ActiveCfg = Debug|Any CPU
		{9699C85F-E04A-4156-B0F8-EF9EC02955FE}.Debug|x86.ActiveCfg = Debug|Any CPU
		{9699C85F-E04A-4156-B0F8-EF9EC02955FE}.Debug|x86.Build.0 = Debug|Any CPU
		{9699C85F-E04A-4156-B0F8-EF9EC02955FE}.Release|Any CPU.ActiveCfg = Release|Any CPU
		{9699C85F-E04A-4156-B0F8-EF9EC02955FE}.Release|x86.ActiveCfg = Release|Any CPU
		{9699C85F-E04A-4156-B0F8-EF9EC02955FE}.Release|x86.Build.0 = Release|Any CPU
		{00257044-6795-45D5-B7A0-B79D69FD327A}.Debug|Any CPU.ActiveCfg = Debug|Any CPU
		{00257044-6795-45D5-B7A0-B79D69FD327A}.Debug|x86.ActiveCfg = Debug|Any CPU
		{00257044-6795-45D5-B7A0-B79D69FD327A}.Debug|x86.Build.0 = Debug|Any CPU
		{00257044-6795-45D5-B7A0-B79D69FD327A}.Release|Any CPU.ActiveCfg = Release|Any CPU
		{00257044-6795-45D5-B7A0-B79D69FD327A}.Release|x86.ActiveCfg = Release|Any CPU
		{00257044-6795-45D5-B7A0-B79D69FD327A}.Release|x86.Build.0 = Release|Any CPU
		{08A5524C-5B88-47E1-84CD-58C609751425}.Debug|Any CPU.ActiveCfg = Debug|Any CPU
		{08A5524C-5B88-47E1-84CD-58C609751425}.Debug|Any CPU.Build.0 = Debug|Any CPU
		{08A5524C-5B88-47E1-84CD-58C609751425}.Debug|x86.ActiveCfg = Debug|Any CPU
		{08A5524C-5B88-47E1-84CD-58C609751425}.Debug|x86.Build.0 = Debug|Any CPU
		{08A5524C-5B88-47E1-84CD-58C609751425}.Release|Any CPU.ActiveCfg = Release|Any CPU
		{08A5524C-5B88-47E1-84CD-58C609751425}.Release|Any CPU.Build.0 = Release|Any CPU
		{08A5524C-5B88-47E1-84CD-58C609751425}.Release|x86.ActiveCfg = Release|Any CPU
		{08A5524C-5B88-47E1-84CD-58C609751425}.Release|x86.Build.0 = Release|Any CPU
		{467BDB66-3A82-45A6-A060-F71696E97E1C}.Debug|Any CPU.ActiveCfg = Debug|Any CPU
		{467BDB66-3A82-45A6-A060-F71696E97E1C}.Debug|Any CPU.Build.0 = Debug|Any CPU
		{467BDB66-3A82-45A6-A060-F71696E97E1C}.Debug|x86.ActiveCfg = Debug|Any CPU
		{467BDB66-3A82-45A6-A060-F71696E97E1C}.Debug|x86.Build.0 = Debug|Any CPU
		{467BDB66-3A82-45A6-A060-F71696E97E1C}.Release|Any CPU.ActiveCfg = Release|Any CPU
		{467BDB66-3A82-45A6-A060-F71696E97E1C}.Release|Any CPU.Build.0 = Release|Any CPU
		{467BDB66-3A82-45A6-A060-F71696E97E1C}.Release|x86.ActiveCfg = Release|Any CPU
		{467BDB66-3A82-45A6-A060-F71696E97E1C}.Release|x86.Build.0 = Release|Any CPU
		{E1A372D1-5A8A-4B12-AFD1-C7848BA35DFF}.Debug|Any CPU.ActiveCfg = Debug|Any CPU
		{E1A372D1-5A8A-4B12-AFD1-C7848BA35DFF}.Debug|x86.ActiveCfg = Debug|Any CPU
		{E1A372D1-5A8A-4B12-AFD1-C7848BA35DFF}.Debug|x86.Build.0 = Debug|Any CPU
		{E1A372D1-5A8A-4B12-AFD1-C7848BA35DFF}.Release|Any CPU.ActiveCfg = Release|Any CPU
		{E1A372D1-5A8A-4B12-AFD1-C7848BA35DFF}.Release|x86.ActiveCfg = Release|Any CPU
		{E1A372D1-5A8A-4B12-AFD1-C7848BA35DFF}.Release|x86.Build.0 = Release|Any CPU
		{F59B4D63-FBE8-4BDC-A402-F523E966B775}.Debug|Any CPU.ActiveCfg = Debug|Any CPU
		{F59B4D63-FBE8-4BDC-A402-F523E966B775}.Debug|x86.ActiveCfg = Debug|Any CPU
		{F59B4D63-FBE8-4BDC-A402-F523E966B775}.Debug|x86.Build.0 = Debug|Any CPU
		{F59B4D63-FBE8-4BDC-A402-F523E966B775}.Release|Any CPU.ActiveCfg = Release|Any CPU
		{F59B4D63-FBE8-4BDC-A402-F523E966B775}.Release|x86.ActiveCfg = Release|Any CPU
		{F59B4D63-FBE8-4BDC-A402-F523E966B775}.Release|x86.Build.0 = Release|Any CPU
		{0A126649-EA3C-44A9-A50E-15D87BCC9339}.Debug|Any CPU.ActiveCfg = Debug|Any CPU
		{0A126649-EA3C-44A9-A50E-15D87BCC9339}.Debug|Any CPU.Build.0 = Debug|Any CPU
		{0A126649-EA3C-44A9-A50E-15D87BCC9339}.Debug|x86.ActiveCfg = Debug|Any CPU
		{0A126649-EA3C-44A9-A50E-15D87BCC9339}.Debug|x86.Build.0 = Debug|Any CPU
		{0A126649-EA3C-44A9-A50E-15D87BCC9339}.Release|Any CPU.ActiveCfg = Release|Any CPU
		{0A126649-EA3C-44A9-A50E-15D87BCC9339}.Release|Any CPU.Build.0 = Release|Any CPU
		{0A126649-EA3C-44A9-A50E-15D87BCC9339}.Release|x86.ActiveCfg = Release|Any CPU
		{0A126649-EA3C-44A9-A50E-15D87BCC9339}.Release|x86.Build.0 = Release|Any CPU
		{36CF4CE7-22A6-45B5-B76F-A9A0AF096D5F}.Debug|Any CPU.ActiveCfg = Debug|Any CPU
		{36CF4CE7-22A6-45B5-B76F-A9A0AF096D5F}.Debug|x86.ActiveCfg = Debug|Any CPU
		{36CF4CE7-22A6-45B5-B76F-A9A0AF096D5F}.Debug|x86.Build.0 = Debug|Any CPU
		{36CF4CE7-22A6-45B5-B76F-A9A0AF096D5F}.Release|Any CPU.ActiveCfg = Release|Any CPU
		{36CF4CE7-22A6-45B5-B76F-A9A0AF096D5F}.Release|x86.ActiveCfg = Release|Any CPU
		{36CF4CE7-22A6-45B5-B76F-A9A0AF096D5F}.Release|x86.Build.0 = Release|Any CPU
		{F1A52933-F381-4AE9-B8FC-AE17DF44A142}.Debug|Any CPU.ActiveCfg = Debug|Any CPU
		{F1A52933-F381-4AE9-B8FC-AE17DF44A142}.Debug|x86.ActiveCfg = Debug|Any CPU
		{F1A52933-F381-4AE9-B8FC-AE17DF44A142}.Debug|x86.Build.0 = Debug|Any CPU
		{F1A52933-F381-4AE9-B8FC-AE17DF44A142}.Release|Any CPU.ActiveCfg = Release|Any CPU
		{F1A52933-F381-4AE9-B8FC-AE17DF44A142}.Release|x86.ActiveCfg = Release|Any CPU
		{F1A52933-F381-4AE9-B8FC-AE17DF44A142}.Release|x86.Build.0 = Release|Any CPU
		{C398A8CE-BEC7-464B-B723-7FC6A1FB5372}.Debug|Any CPU.ActiveCfg = Debug|Any CPU
		{C398A8CE-BEC7-464B-B723-7FC6A1FB5372}.Debug|x86.ActiveCfg = Debug|Any CPU
		{C398A8CE-BEC7-464B-B723-7FC6A1FB5372}.Debug|x86.Build.0 = Debug|Any CPU
		{C398A8CE-BEC7-464B-B723-7FC6A1FB5372}.Release|Any CPU.ActiveCfg = Release|Any CPU
		{C398A8CE-BEC7-464B-B723-7FC6A1FB5372}.Release|x86.ActiveCfg = Release|Any CPU
		{C398A8CE-BEC7-464B-B723-7FC6A1FB5372}.Release|x86.Build.0 = Release|Any CPU
		{1CEA6394-5223-466B-89E5-E9047D884C1A}.Debug|Any CPU.ActiveCfg = Debug|Any CPU
		{1CEA6394-5223-466B-89E5-E9047D884C1A}.Debug|x86.ActiveCfg = Debug|Any CPU
		{1CEA6394-5223-466B-89E5-E9047D884C1A}.Debug|x86.Build.0 = Debug|Any CPU
		{1CEA6394-5223-466B-89E5-E9047D884C1A}.Release|Any CPU.ActiveCfg = Release|Any CPU
		{1CEA6394-5223-466B-89E5-E9047D884C1A}.Release|x86.ActiveCfg = Release|Any CPU
		{1CEA6394-5223-466B-89E5-E9047D884C1A}.Release|x86.Build.0 = Release|Any CPU
		{07DC5BF6-3261-4764-9651-9096C9C5D2F0}.Debug|Any CPU.ActiveCfg = Debug|Any CPU
		{07DC5BF6-3261-4764-9651-9096C9C5D2F0}.Debug|x86.ActiveCfg = Debug|Any CPU
		{07DC5BF6-3261-4764-9651-9096C9C5D2F0}.Debug|x86.Build.0 = Debug|Any CPU
		{07DC5BF6-3261-4764-9651-9096C9C5D2F0}.Release|Any CPU.ActiveCfg = Release|Any CPU
		{07DC5BF6-3261-4764-9651-9096C9C5D2F0}.Release|x86.ActiveCfg = Release|Any CPU
		{07DC5BF6-3261-4764-9651-9096C9C5D2F0}.Release|x86.Build.0 = Release|Any CPU
		{2D0228DA-D7AD-487C-AF9C-805164A190E0}.Debug|Any CPU.ActiveCfg = Debug|Any CPU
		{2D0228DA-D7AD-487C-AF9C-805164A190E0}.Debug|x86.ActiveCfg = Debug|Any CPU
		{2D0228DA-D7AD-487C-AF9C-805164A190E0}.Debug|x86.Build.0 = Debug|Any CPU
		{2D0228DA-D7AD-487C-AF9C-805164A190E0}.Release|Any CPU.ActiveCfg = Release|Any CPU
		{2D0228DA-D7AD-487C-AF9C-805164A190E0}.Release|x86.ActiveCfg = Release|Any CPU
		{2D0228DA-D7AD-487C-AF9C-805164A190E0}.Release|x86.Build.0 = Release|Any CPU
		{72FE0AF8-80DD-46B8-A5FC-80FB19E45707}.Debug|Any CPU.ActiveCfg = Debug|Any CPU
		{72FE0AF8-80DD-46B8-A5FC-80FB19E45707}.Debug|x86.ActiveCfg = Debug|Any CPU
		{72FE0AF8-80DD-46B8-A5FC-80FB19E45707}.Debug|x86.Build.0 = Debug|Any CPU
		{72FE0AF8-80DD-46B8-A5FC-80FB19E45707}.Release|Any CPU.ActiveCfg = Release|Any CPU
		{72FE0AF8-80DD-46B8-A5FC-80FB19E45707}.Release|x86.ActiveCfg = Release|Any CPU
		{72FE0AF8-80DD-46B8-A5FC-80FB19E45707}.Release|x86.Build.0 = Release|Any CPU
		{555F9AF0-0CE5-4228-90E1-7E1CA4D986F7}.Debug|Any CPU.ActiveCfg = Debug|Any CPU
		{555F9AF0-0CE5-4228-90E1-7E1CA4D986F7}.Debug|Any CPU.Build.0 = Debug|Any CPU
		{555F9AF0-0CE5-4228-90E1-7E1CA4D986F7}.Debug|x86.ActiveCfg = Debug|Any CPU
		{555F9AF0-0CE5-4228-90E1-7E1CA4D986F7}.Debug|x86.Build.0 = Debug|Any CPU
		{555F9AF0-0CE5-4228-90E1-7E1CA4D986F7}.Release|Any CPU.ActiveCfg = Release|Any CPU
		{555F9AF0-0CE5-4228-90E1-7E1CA4D986F7}.Release|x86.ActiveCfg = Release|Any CPU
		{555F9AF0-0CE5-4228-90E1-7E1CA4D986F7}.Release|x86.Build.0 = Release|Any CPU
		{A96307B6-F83B-4B31-B793-8970EE44C9F7}.Debug|Any CPU.ActiveCfg = Debug|Any CPU
		{A96307B6-F83B-4B31-B793-8970EE44C9F7}.Debug|Any CPU.Build.0 = Debug|Any CPU
		{A96307B6-F83B-4B31-B793-8970EE44C9F7}.Debug|x86.ActiveCfg = Debug|Any CPU
		{A96307B6-F83B-4B31-B793-8970EE44C9F7}.Debug|x86.Build.0 = Debug|Any CPU
		{A96307B6-F83B-4B31-B793-8970EE44C9F7}.Release|Any CPU.ActiveCfg = Release|Any CPU
		{A96307B6-F83B-4B31-B793-8970EE44C9F7}.Release|Any CPU.Build.0 = Release|Any CPU
		{A96307B6-F83B-4B31-B793-8970EE44C9F7}.Release|x86.ActiveCfg = Release|Any CPU
		{A96307B6-F83B-4B31-B793-8970EE44C9F7}.Release|x86.Build.0 = Release|Any CPU
		{AAE4E03C-5C5E-43A8-9BA5-F56B84C9C131}.Debug|Any CPU.ActiveCfg = Debug|Any CPU
		{AAE4E03C-5C5E-43A8-9BA5-F56B84C9C131}.Debug|Any CPU.Build.0 = Debug|Any CPU
		{AAE4E03C-5C5E-43A8-9BA5-F56B84C9C131}.Debug|x86.ActiveCfg = Debug|Any CPU
		{AAE4E03C-5C5E-43A8-9BA5-F56B84C9C131}.Debug|x86.Build.0 = Debug|Any CPU
		{AAE4E03C-5C5E-43A8-9BA5-F56B84C9C131}.Release|Any CPU.ActiveCfg = Release|Any CPU
		{AAE4E03C-5C5E-43A8-9BA5-F56B84C9C131}.Release|Any CPU.Build.0 = Release|Any CPU
		{AAE4E03C-5C5E-43A8-9BA5-F56B84C9C131}.Release|x86.ActiveCfg = Release|Any CPU
		{AAE4E03C-5C5E-43A8-9BA5-F56B84C9C131}.Release|x86.Build.0 = Release|Any CPU
		{FFF940C6-B0A2-4943-A70F-7A7D0D558ABD}.Debug|Any CPU.ActiveCfg = Debug|Any CPU
		{FFF940C6-B0A2-4943-A70F-7A7D0D558ABD}.Debug|Any CPU.Build.0 = Debug|Any CPU
		{FFF940C6-B0A2-4943-A70F-7A7D0D558ABD}.Debug|x86.ActiveCfg = Debug|Any CPU
		{FFF940C6-B0A2-4943-A70F-7A7D0D558ABD}.Debug|x86.Build.0 = Debug|Any CPU
		{FFF940C6-B0A2-4943-A70F-7A7D0D558ABD}.Release|Any CPU.ActiveCfg = Release|Any CPU
		{FFF940C6-B0A2-4943-A70F-7A7D0D558ABD}.Release|Any CPU.Build.0 = Release|Any CPU
		{FFF940C6-B0A2-4943-A70F-7A7D0D558ABD}.Release|x86.ActiveCfg = Release|Any CPU
		{FFF940C6-B0A2-4943-A70F-7A7D0D558ABD}.Release|x86.Build.0 = Release|Any CPU
		{31B863C0-5E5B-46E7-9793-E88A41E437D7}.Debug|Any CPU.ActiveCfg = Debug|Any CPU
		{31B863C0-5E5B-46E7-9793-E88A41E437D7}.Debug|Any CPU.Build.0 = Debug|Any CPU
		{31B863C0-5E5B-46E7-9793-E88A41E437D7}.Debug|Any CPU.Deploy.0 = Debug|Any CPU
		{31B863C0-5E5B-46E7-9793-E88A41E437D7}.Debug|x86.ActiveCfg = Debug|Any CPU
		{31B863C0-5E5B-46E7-9793-E88A41E437D7}.Debug|x86.Build.0 = Debug|Any CPU
		{31B863C0-5E5B-46E7-9793-E88A41E437D7}.Release|Any CPU.ActiveCfg = Release|Any CPU
		{31B863C0-5E5B-46E7-9793-E88A41E437D7}.Release|Any CPU.Build.0 = Release|Any CPU
		{31B863C0-5E5B-46E7-9793-E88A41E437D7}.Release|x86.ActiveCfg = Release|Any CPU
		{31B863C0-5E5B-46E7-9793-E88A41E437D7}.Release|x86.Build.0 = Release|Any CPU
		{8B09FCE6-B320-4487-B6C8-EF15BB0F819B}.Debug|Any CPU.ActiveCfg = Debug|Any CPU
		{8B09FCE6-B320-4487-B6C8-EF15BB0F819B}.Debug|Any CPU.Build.0 = Debug|Any CPU
		{8B09FCE6-B320-4487-B6C8-EF15BB0F819B}.Debug|x86.ActiveCfg = Debug|Any CPU
		{8B09FCE6-B320-4487-B6C8-EF15BB0F819B}.Debug|x86.Build.0 = Debug|Any CPU
		{8B09FCE6-B320-4487-B6C8-EF15BB0F819B}.Release|Any CPU.ActiveCfg = Release|Any CPU
		{8B09FCE6-B320-4487-B6C8-EF15BB0F819B}.Release|Any CPU.Build.0 = Release|Any CPU
		{8B09FCE6-B320-4487-B6C8-EF15BB0F819B}.Release|x86.ActiveCfg = Release|Any CPU
		{8B09FCE6-B320-4487-B6C8-EF15BB0F819B}.Release|x86.Build.0 = Release|Any CPU
		{263344A0-60A6-44B8-8D6F-9907090754D0}.Debug|Any CPU.ActiveCfg = Debug|Any CPU
		{263344A0-60A6-44B8-8D6F-9907090754D0}.Debug|Any CPU.Build.0 = Debug|Any CPU
		{263344A0-60A6-44B8-8D6F-9907090754D0}.Debug|x86.ActiveCfg = Debug|Any CPU
		{263344A0-60A6-44B8-8D6F-9907090754D0}.Debug|x86.Build.0 = Debug|Any CPU
		{263344A0-60A6-44B8-8D6F-9907090754D0}.Release|Any CPU.ActiveCfg = Release|Any CPU
		{263344A0-60A6-44B8-8D6F-9907090754D0}.Release|Any CPU.Build.0 = Release|Any CPU
		{263344A0-60A6-44B8-8D6F-9907090754D0}.Release|x86.ActiveCfg = Release|Any CPU
		{263344A0-60A6-44B8-8D6F-9907090754D0}.Release|x86.Build.0 = Release|Any CPU
		{CB480522-C847-4EFD-A5AB-B312033CC61C}.Debug|Any CPU.ActiveCfg = Debug|Any CPU
		{CB480522-C847-4EFD-A5AB-B312033CC61C}.Debug|Any CPU.Build.0 = Debug|Any CPU
		{CB480522-C847-4EFD-A5AB-B312033CC61C}.Debug|x86.ActiveCfg = Debug|Any CPU
		{CB480522-C847-4EFD-A5AB-B312033CC61C}.Debug|x86.Build.0 = Debug|Any CPU
		{CB480522-C847-4EFD-A5AB-B312033CC61C}.Release|Any CPU.ActiveCfg = Release|Any CPU
		{CB480522-C847-4EFD-A5AB-B312033CC61C}.Release|Any CPU.Build.0 = Release|Any CPU
		{CB480522-C847-4EFD-A5AB-B312033CC61C}.Release|x86.ActiveCfg = Release|Any CPU
		{CB480522-C847-4EFD-A5AB-B312033CC61C}.Release|x86.Build.0 = Release|Any CPU
		{1501F651-E648-41AB-AC77-04849D17FD3D}.Debug|Any CPU.ActiveCfg = Debug|Any CPU
		{1501F651-E648-41AB-AC77-04849D17FD3D}.Debug|Any CPU.Build.0 = Debug|Any CPU
		{1501F651-E648-41AB-AC77-04849D17FD3D}.Debug|x86.ActiveCfg = Debug|Any CPU
		{1501F651-E648-41AB-AC77-04849D17FD3D}.Debug|x86.Build.0 = Debug|Any CPU
		{1501F651-E648-41AB-AC77-04849D17FD3D}.Release|Any CPU.ActiveCfg = Release|Any CPU
		{1501F651-E648-41AB-AC77-04849D17FD3D}.Release|x86.ActiveCfg = Release|Any CPU
		{1501F651-E648-41AB-AC77-04849D17FD3D}.Release|x86.Build.0 = Release|Any CPU
		{A5FCF387-4A41-42CC-83AB-6E926F31D907}.Debug|Any CPU.ActiveCfg = Debug|Any CPU
		{A5FCF387-4A41-42CC-83AB-6E926F31D907}.Debug|Any CPU.Build.0 = Debug|Any CPU
		{A5FCF387-4A41-42CC-83AB-6E926F31D907}.Debug|x86.ActiveCfg = Debug|Any CPU
		{A5FCF387-4A41-42CC-83AB-6E926F31D907}.Debug|x86.Build.0 = Debug|Any CPU
		{A5FCF387-4A41-42CC-83AB-6E926F31D907}.Release|Any CPU.ActiveCfg = Release|Any CPU
		{A5FCF387-4A41-42CC-83AB-6E926F31D907}.Release|x86.ActiveCfg = Release|Any CPU
		{A5FCF387-4A41-42CC-83AB-6E926F31D907}.Release|x86.Build.0 = Release|Any CPU
		{9E139539-C272-488A-BFCF-CADDF458DF9D}.Debug|Any CPU.ActiveCfg = Debug|Any CPU
		{9E139539-C272-488A-BFCF-CADDF458DF9D}.Debug|Any CPU.Build.0 = Debug|Any CPU
		{9E139539-C272-488A-BFCF-CADDF458DF9D}.Debug|x86.ActiveCfg = Debug|x86
		{9E139539-C272-488A-BFCF-CADDF458DF9D}.Debug|x86.Build.0 = Debug|x86
		{9E139539-C272-488A-BFCF-CADDF458DF9D}.Release|Any CPU.ActiveCfg = Release|Any CPU
		{9E139539-C272-488A-BFCF-CADDF458DF9D}.Release|Any CPU.Build.0 = Release|Any CPU
		{9E139539-C272-488A-BFCF-CADDF458DF9D}.Release|x86.ActiveCfg = Release|x86
		{9E139539-C272-488A-BFCF-CADDF458DF9D}.Release|x86.Build.0 = Release|x86
		{F1245762-8F7F-49DF-8001-711752A48165}.Debug|Any CPU.ActiveCfg = Debug|Any CPU
		{F1245762-8F7F-49DF-8001-711752A48165}.Debug|Any CPU.Build.0 = Debug|Any CPU
		{F1245762-8F7F-49DF-8001-711752A48165}.Debug|x86.ActiveCfg = Debug|Any CPU
		{F1245762-8F7F-49DF-8001-711752A48165}.Debug|x86.Build.0 = Debug|Any CPU
		{F1245762-8F7F-49DF-8001-711752A48165}.Release|Any CPU.ActiveCfg = Release|Any CPU
		{F1245762-8F7F-49DF-8001-711752A48165}.Release|Any CPU.Build.0 = Release|Any CPU
		{F1245762-8F7F-49DF-8001-711752A48165}.Release|x86.ActiveCfg = Release|Any CPU
		{F1245762-8F7F-49DF-8001-711752A48165}.Release|x86.Build.0 = Release|Any CPU
		{A62632E9-7209-4129-B539-528C431A1E2C}.Debug|Any CPU.ActiveCfg = Debug|Any CPU
		{A62632E9-7209-4129-B539-528C431A1E2C}.Debug|Any CPU.Build.0 = Debug|Any CPU
		{A62632E9-7209-4129-B539-528C431A1E2C}.Debug|x86.ActiveCfg = Debug|Any CPU
		{A62632E9-7209-4129-B539-528C431A1E2C}.Debug|x86.Build.0 = Debug|Any CPU
		{A62632E9-7209-4129-B539-528C431A1E2C}.Release|Any CPU.ActiveCfg = Release|Any CPU
		{A62632E9-7209-4129-B539-528C431A1E2C}.Release|Any CPU.Build.0 = Release|Any CPU
		{A62632E9-7209-4129-B539-528C431A1E2C}.Release|x86.ActiveCfg = Release|Any CPU
		{A62632E9-7209-4129-B539-528C431A1E2C}.Release|x86.Build.0 = Release|Any CPU
		{676B28B7-418B-41EA-9875-6176A92017AF}.Debug|Any CPU.ActiveCfg = Debug|Any CPU
		{676B28B7-418B-41EA-9875-6176A92017AF}.Debug|Any CPU.Build.0 = Debug|Any CPU
		{676B28B7-418B-41EA-9875-6176A92017AF}.Debug|x86.ActiveCfg = Debug|Any CPU
		{676B28B7-418B-41EA-9875-6176A92017AF}.Debug|x86.Build.0 = Debug|Any CPU
		{676B28B7-418B-41EA-9875-6176A92017AF}.Release|Any CPU.ActiveCfg = Release|Any CPU
		{676B28B7-418B-41EA-9875-6176A92017AF}.Release|Any CPU.Build.0 = Release|Any CPU
		{676B28B7-418B-41EA-9875-6176A92017AF}.Release|x86.ActiveCfg = Release|Any CPU
		{676B28B7-418B-41EA-9875-6176A92017AF}.Release|x86.Build.0 = Release|Any CPU
		{2F9CB5B8-D67E-4A84-86E2-176456B75D2E}.Debug|Any CPU.ActiveCfg = Debug|Any CPU
		{2F9CB5B8-D67E-4A84-86E2-176456B75D2E}.Debug|Any CPU.Build.0 = Debug|Any CPU
		{2F9CB5B8-D67E-4A84-86E2-176456B75D2E}.Debug|x86.ActiveCfg = Debug|Any CPU
		{2F9CB5B8-D67E-4A84-86E2-176456B75D2E}.Debug|x86.Build.0 = Debug|Any CPU
		{2F9CB5B8-D67E-4A84-86E2-176456B75D2E}.Release|Any CPU.ActiveCfg = Release|Any CPU
		{2F9CB5B8-D67E-4A84-86E2-176456B75D2E}.Release|Any CPU.Build.0 = Release|Any CPU
		{2F9CB5B8-D67E-4A84-86E2-176456B75D2E}.Release|x86.ActiveCfg = Release|Any CPU
		{2F9CB5B8-D67E-4A84-86E2-176456B75D2E}.Release|x86.Build.0 = Release|Any CPU
		{17878F61-2D09-4C75-8735-F4165BBB6D98}.Debug|Any CPU.ActiveCfg = Debug|Any CPU
		{17878F61-2D09-4C75-8735-F4165BBB6D98}.Debug|Any CPU.Build.0 = Debug|Any CPU
		{17878F61-2D09-4C75-8735-F4165BBB6D98}.Debug|x86.ActiveCfg = Debug|Any CPU
		{17878F61-2D09-4C75-8735-F4165BBB6D98}.Debug|x86.Build.0 = Debug|Any CPU
		{17878F61-2D09-4C75-8735-F4165BBB6D98}.Release|Any CPU.ActiveCfg = Release|Any CPU
		{17878F61-2D09-4C75-8735-F4165BBB6D98}.Release|Any CPU.Build.0 = Release|Any CPU
		{17878F61-2D09-4C75-8735-F4165BBB6D98}.Release|x86.ActiveCfg = Release|Any CPU
		{17878F61-2D09-4C75-8735-F4165BBB6D98}.Release|x86.Build.0 = Release|Any CPU
		{092347E4-A6B7-4720-8AB0-17754CFDDB6F}.Debug|Any CPU.ActiveCfg = Debug|Any CPU
		{092347E4-A6B7-4720-8AB0-17754CFDDB6F}.Debug|Any CPU.Build.0 = Debug|Any CPU
		{092347E4-A6B7-4720-8AB0-17754CFDDB6F}.Debug|x86.ActiveCfg = Debug|Any CPU
		{092347E4-A6B7-4720-8AB0-17754CFDDB6F}.Debug|x86.Build.0 = Debug|Any CPU
		{092347E4-A6B7-4720-8AB0-17754CFDDB6F}.Release|Any CPU.ActiveCfg = Release|Any CPU
		{092347E4-A6B7-4720-8AB0-17754CFDDB6F}.Release|Any CPU.Build.0 = Release|Any CPU
		{092347E4-A6B7-4720-8AB0-17754CFDDB6F}.Release|x86.ActiveCfg = Release|Any CPU
		{092347E4-A6B7-4720-8AB0-17754CFDDB6F}.Release|x86.Build.0 = Release|Any CPU
		{69216CAF-902E-4FB0-A35C-4922AAFC7E19}.Debug|Any CPU.ActiveCfg = Debug|Any CPU
		{69216CAF-902E-4FB0-A35C-4922AAFC7E19}.Debug|Any CPU.Build.0 = Debug|Any CPU
		{69216CAF-902E-4FB0-A35C-4922AAFC7E19}.Debug|x86.ActiveCfg = Debug|Any CPU
		{69216CAF-902E-4FB0-A35C-4922AAFC7E19}.Debug|x86.Build.0 = Debug|Any CPU
		{69216CAF-902E-4FB0-A35C-4922AAFC7E19}.Release|Any CPU.ActiveCfg = Release|Any CPU
		{69216CAF-902E-4FB0-A35C-4922AAFC7E19}.Release|Any CPU.Build.0 = Release|Any CPU
		{69216CAF-902E-4FB0-A35C-4922AAFC7E19}.Release|x86.ActiveCfg = Release|Any CPU
		{69216CAF-902E-4FB0-A35C-4922AAFC7E19}.Release|x86.Build.0 = Release|Any CPU
		{35AADAC3-866B-4E35-AD92-D7076ADB2930}.Debug|Any CPU.ActiveCfg = Debug|Any CPU
		{35AADAC3-866B-4E35-AD92-D7076ADB2930}.Debug|Any CPU.Build.0 = Debug|Any CPU
		{35AADAC3-866B-4E35-AD92-D7076ADB2930}.Debug|x86.ActiveCfg = Debug|Any CPU
		{35AADAC3-866B-4E35-AD92-D7076ADB2930}.Debug|x86.Build.0 = Debug|Any CPU
		{35AADAC3-866B-4E35-AD92-D7076ADB2930}.Release|Any CPU.ActiveCfg = Release|Any CPU
		{35AADAC3-866B-4E35-AD92-D7076ADB2930}.Release|Any CPU.Build.0 = Release|Any CPU
		{35AADAC3-866B-4E35-AD92-D7076ADB2930}.Release|x86.ActiveCfg = Release|Any CPU
		{35AADAC3-866B-4E35-AD92-D7076ADB2930}.Release|x86.Build.0 = Release|Any CPU
		{A749FD61-D3F1-4E47-8815-D0F8F807B367}.Debug|Any CPU.ActiveCfg = Debug|Any CPU
		{A749FD61-D3F1-4E47-8815-D0F8F807B367}.Debug|Any CPU.Build.0 = Debug|Any CPU
		{A749FD61-D3F1-4E47-8815-D0F8F807B367}.Debug|x86.ActiveCfg = Debug|Any CPU
		{A749FD61-D3F1-4E47-8815-D0F8F807B367}.Debug|x86.Build.0 = Debug|Any CPU
		{A749FD61-D3F1-4E47-8815-D0F8F807B367}.Release|Any CPU.ActiveCfg = Release|Any CPU
		{A749FD61-D3F1-4E47-8815-D0F8F807B367}.Release|Any CPU.Build.0 = Release|Any CPU
		{A749FD61-D3F1-4E47-8815-D0F8F807B367}.Release|x86.ActiveCfg = Release|Any CPU
		{A749FD61-D3F1-4E47-8815-D0F8F807B367}.Release|x86.Build.0 = Release|Any CPU
		{11EFFC69-5C4A-410A-8F13-040F66878958}.Debug|Any CPU.ActiveCfg = Debug|Any CPU
		{11EFFC69-5C4A-410A-8F13-040F66878958}.Debug|Any CPU.Build.0 = Debug|Any CPU
		{11EFFC69-5C4A-410A-8F13-040F66878958}.Debug|x86.ActiveCfg = Debug|Any CPU
		{11EFFC69-5C4A-410A-8F13-040F66878958}.Debug|x86.Build.0 = Debug|Any CPU
		{11EFFC69-5C4A-410A-8F13-040F66878958}.Release|Any CPU.ActiveCfg = Release|Any CPU
		{11EFFC69-5C4A-410A-8F13-040F66878958}.Release|Any CPU.Build.0 = Release|Any CPU
		{11EFFC69-5C4A-410A-8F13-040F66878958}.Release|x86.ActiveCfg = Release|Any CPU
		{11EFFC69-5C4A-410A-8F13-040F66878958}.Release|x86.Build.0 = Release|Any CPU
		{B8FD6D7D-3700-4DAF-A7A1-9FF1D86C1ACE}.Debug|Any CPU.ActiveCfg = Debug|Any CPU
		{B8FD6D7D-3700-4DAF-A7A1-9FF1D86C1ACE}.Debug|Any CPU.Build.0 = Debug|Any CPU
		{B8FD6D7D-3700-4DAF-A7A1-9FF1D86C1ACE}.Debug|x86.ActiveCfg = Debug|Any CPU
		{B8FD6D7D-3700-4DAF-A7A1-9FF1D86C1ACE}.Debug|x86.Build.0 = Debug|Any CPU
		{B8FD6D7D-3700-4DAF-A7A1-9FF1D86C1ACE}.Release|Any CPU.ActiveCfg = Release|Any CPU
		{B8FD6D7D-3700-4DAF-A7A1-9FF1D86C1ACE}.Release|Any CPU.Build.0 = Release|Any CPU
		{B8FD6D7D-3700-4DAF-A7A1-9FF1D86C1ACE}.Release|x86.ActiveCfg = Release|Any CPU
		{B8FD6D7D-3700-4DAF-A7A1-9FF1D86C1ACE}.Release|x86.Build.0 = Release|Any CPU
		{BF640616-4953-47C5-8BEC-613A645CFDD1}.Debug|Any CPU.ActiveCfg = Debug|Any CPU
		{BF640616-4953-47C5-8BEC-613A645CFDD1}.Debug|Any CPU.Build.0 = Debug|Any CPU
		{BF640616-4953-47C5-8BEC-613A645CFDD1}.Debug|x86.ActiveCfg = Debug|Any CPU
		{BF640616-4953-47C5-8BEC-613A645CFDD1}.Debug|x86.Build.0 = Debug|Any CPU
		{BF640616-4953-47C5-8BEC-613A645CFDD1}.Release|Any CPU.ActiveCfg = Release|Any CPU
		{BF640616-4953-47C5-8BEC-613A645CFDD1}.Release|Any CPU.Build.0 = Release|Any CPU
		{BF640616-4953-47C5-8BEC-613A645CFDD1}.Release|x86.ActiveCfg = Release|Any CPU
		{BF640616-4953-47C5-8BEC-613A645CFDD1}.Release|x86.Build.0 = Release|Any CPU
		{167D2B19-F361-4093-8E1F-61D5778F5C5D}.Debug|Any CPU.ActiveCfg = Debug|Any CPU
		{167D2B19-F361-4093-8E1F-61D5778F5C5D}.Debug|Any CPU.Build.0 = Debug|Any CPU
		{167D2B19-F361-4093-8E1F-61D5778F5C5D}.Debug|x86.ActiveCfg = Debug|Any CPU
		{167D2B19-F361-4093-8E1F-61D5778F5C5D}.Debug|x86.Build.0 = Debug|Any CPU
		{167D2B19-F361-4093-8E1F-61D5778F5C5D}.Release|Any CPU.ActiveCfg = Release|Any CPU
		{167D2B19-F361-4093-8E1F-61D5778F5C5D}.Release|Any CPU.Build.0 = Release|Any CPU
		{167D2B19-F361-4093-8E1F-61D5778F5C5D}.Release|x86.ActiveCfg = Release|Any CPU
		{167D2B19-F361-4093-8E1F-61D5778F5C5D}.Release|x86.Build.0 = Release|Any CPU
		{4F2DE537-AF0F-4327-A979-FFBA3EF2541B}.Debug|Any CPU.ActiveCfg = Debug|Any CPU
		{4F2DE537-AF0F-4327-A979-FFBA3EF2541B}.Debug|Any CPU.Build.0 = Debug|Any CPU
		{4F2DE537-AF0F-4327-A979-FFBA3EF2541B}.Debug|x86.ActiveCfg = Debug|Any CPU
		{4F2DE537-AF0F-4327-A979-FFBA3EF2541B}.Debug|x86.Build.0 = Debug|Any CPU
		{4F2DE537-AF0F-4327-A979-FFBA3EF2541B}.Release|Any CPU.ActiveCfg = Release|Any CPU
		{4F2DE537-AF0F-4327-A979-FFBA3EF2541B}.Release|Any CPU.Build.0 = Release|Any CPU
		{4F2DE537-AF0F-4327-A979-FFBA3EF2541B}.Release|x86.ActiveCfg = Release|Any CPU
		{4F2DE537-AF0F-4327-A979-FFBA3EF2541B}.Release|x86.Build.0 = Release|Any CPU
		{F2C4600B-783C-42B5-9D83-A0256E3E5400}.Debug|Any CPU.ActiveCfg = Debug|Any CPU
		{F2C4600B-783C-42B5-9D83-A0256E3E5400}.Debug|Any CPU.Build.0 = Debug|Any CPU
		{F2C4600B-783C-42B5-9D83-A0256E3E5400}.Debug|x86.ActiveCfg = Debug|Any CPU
		{F2C4600B-783C-42B5-9D83-A0256E3E5400}.Debug|x86.Build.0 = Debug|Any CPU
		{F2C4600B-783C-42B5-9D83-A0256E3E5400}.Release|Any CPU.ActiveCfg = Release|Any CPU
		{F2C4600B-783C-42B5-9D83-A0256E3E5400}.Release|Any CPU.Build.0 = Release|Any CPU
		{F2C4600B-783C-42B5-9D83-A0256E3E5400}.Release|x86.ActiveCfg = Release|Any CPU
		{F2C4600B-783C-42B5-9D83-A0256E3E5400}.Release|x86.Build.0 = Release|Any CPU
		{D246A3B1-8ADF-42A4-AD6E-A5B7DB0A2FA2}.Debug|Any CPU.ActiveCfg = Debug|Any CPU
		{D246A3B1-8ADF-42A4-AD6E-A5B7DB0A2FA2}.Debug|Any CPU.Build.0 = Debug|Any CPU
		{D246A3B1-8ADF-42A4-AD6E-A5B7DB0A2FA2}.Debug|x86.ActiveCfg = Debug|Any CPU
		{D246A3B1-8ADF-42A4-AD6E-A5B7DB0A2FA2}.Debug|x86.Build.0 = Debug|Any CPU
		{D246A3B1-8ADF-42A4-AD6E-A5B7DB0A2FA2}.Release|Any CPU.ActiveCfg = Release|Any CPU
		{D246A3B1-8ADF-42A4-AD6E-A5B7DB0A2FA2}.Release|Any CPU.Build.0 = Release|Any CPU
		{D246A3B1-8ADF-42A4-AD6E-A5B7DB0A2FA2}.Release|x86.ActiveCfg = Release|Any CPU
		{D246A3B1-8ADF-42A4-AD6E-A5B7DB0A2FA2}.Release|x86.Build.0 = Release|Any CPU
		{D2BB64CC-DC96-499A-B27C-460C315A2553}.Debug|Any CPU.ActiveCfg = Debug|Any CPU
		{D2BB64CC-DC96-499A-B27C-460C315A2553}.Debug|Any CPU.Build.0 = Debug|Any CPU
		{D2BB64CC-DC96-499A-B27C-460C315A2553}.Debug|x86.ActiveCfg = Debug|Any CPU
		{D2BB64CC-DC96-499A-B27C-460C315A2553}.Debug|x86.Build.0 = Debug|Any CPU
		{D2BB64CC-DC96-499A-B27C-460C315A2553}.Release|Any CPU.ActiveCfg = Release|Any CPU
		{D2BB64CC-DC96-499A-B27C-460C315A2553}.Release|Any CPU.Build.0 = Release|Any CPU
		{D2BB64CC-DC96-499A-B27C-460C315A2553}.Release|x86.ActiveCfg = Release|Any CPU
		{D2BB64CC-DC96-499A-B27C-460C315A2553}.Release|x86.Build.0 = Release|Any CPU
		{7C828CC9-C65D-4530-9ABE-7D040B289996}.Debug|Any CPU.ActiveCfg = Debug|Any CPU
		{7C828CC9-C65D-4530-9ABE-7D040B289996}.Debug|Any CPU.Build.0 = Debug|Any CPU
		{7C828CC9-C65D-4530-9ABE-7D040B289996}.Debug|x86.ActiveCfg = Debug|Any CPU
		{7C828CC9-C65D-4530-9ABE-7D040B289996}.Debug|x86.Build.0 = Debug|Any CPU
		{7C828CC9-C65D-4530-9ABE-7D040B289996}.Release|Any CPU.ActiveCfg = Release|Any CPU
		{7C828CC9-C65D-4530-9ABE-7D040B289996}.Release|Any CPU.Build.0 = Release|Any CPU
		{7C828CC9-C65D-4530-9ABE-7D040B289996}.Release|x86.ActiveCfg = Release|Any CPU
		{7C828CC9-C65D-4530-9ABE-7D040B289996}.Release|x86.Build.0 = Release|Any CPU
	EndGlobalSection
	GlobalSection(SolutionProperties) = preSolution
		HideSolutionNode = FALSE
	EndGlobalSection
	GlobalSection(NestedProjects) = preSolution
		{33BEFC54-0575-433C-BED3-912338BCED36} = {A26836D4-0A7C-4799-8DD8-77F23626FBB2}
		{3656A14B-8B9B-4C44-B3A4-7964A0A27777} = {0F4F3C5A-ED12-4290-9CEB-122C5B23BDC4}
		{C39C87F2-0745-4678-AE5D-97064EFCD7C8} = {0F4F3C5A-ED12-4290-9CEB-122C5B23BDC4}
		{1AAEAA6F-655D-476F-B92F-79D148E025C1} = {0F4F3C5A-ED12-4290-9CEB-122C5B23BDC4}
		{87F7DC00-7C0A-409F-8B5D-69E3180FAC5E} = {5442B967-5785-41F3-8F7C-531215030F8F}
		{8BC27908-7FAE-4221-88EB-E9E3474A59C5} = {ED93DCDF-6DA9-48CD-A0C2-F7DDB1887941}
		{D87107B1-6DB0-4FAA-8E26-BA9CD62AA3EF} = {ED93DCDF-6DA9-48CD-A0C2-F7DDB1887941}
		{96755891-949C-47F2-9257-B30D861A9E23} = {ED93DCDF-6DA9-48CD-A0C2-F7DDB1887941}
		{E3B16C4F-804F-4287-B02D-ACE60051DBD6} = {5442B967-5785-41F3-8F7C-531215030F8F}
		{7F7ECC61-0726-47DF-8851-511300396FA7} = {E3B16C4F-804F-4287-B02D-ACE60051DBD6}
		{1153D611-E67C-4A1A-BE68-EE2AEEA2DF8E} = {87F7DC00-7C0A-409F-8B5D-69E3180FAC5E}
		{9980D561-76C0-486F-9744-5D1BF6512B9D} = {5442B967-5785-41F3-8F7C-531215030F8F}
		{99230248-B677-4CA6-BB99-F40F5416C14E} = {5442B967-5785-41F3-8F7C-531215030F8F}
		{A8B652A8-EA6C-4080-9F2B-DDDA23E14A51} = {5442B967-5785-41F3-8F7C-531215030F8F}
		{5E3BC39D-0158-4696-A805-4D9E0E06D008} = {5442B967-5785-41F3-8F7C-531215030F8F}
		{3AA28172-F0BC-42A4-8D4D-FDEAA491AD51} = {ED93DCDF-6DA9-48CD-A0C2-F7DDB1887941}
		{921DAE60-FC24-4136-935B-35B105B09E72} = {5442B967-5785-41F3-8F7C-531215030F8F}
		{E0379541-9DD6-4445-8C2B-371D4B03269E} = {ED93DCDF-6DA9-48CD-A0C2-F7DDB1887941}
		{60C51B78-D847-4463-95FD-123D2E8FE1DA} = {5442B967-5785-41F3-8F7C-531215030F8F}
		{A0219357-ED48-45B4-BED0-2FA9F6AB892A} = {346A6533-4020-49ED-BFA7-B797526274D1}
		{EC616B76-080B-4A1E-820C-08CCC28A45E1} = {346A6533-4020-49ED-BFA7-B797526274D1}
		{1919576B-2600-4861-9F5F-C4D6DF7AEE2F} = {ED93DCDF-6DA9-48CD-A0C2-F7DDB1887941}
		{9699C85F-E04A-4156-B0F8-EF9EC02955FE} = {346A6533-4020-49ED-BFA7-B797526274D1}
		{00257044-6795-45D5-B7A0-B79D69FD327A} = {346A6533-4020-49ED-BFA7-B797526274D1}
		{08A5524C-5B88-47E1-84CD-58C609751425} = {ED93DCDF-6DA9-48CD-A0C2-F7DDB1887941}
		{467BDB66-3A82-45A6-A060-F71696E97E1C} = {5442B967-5785-41F3-8F7C-531215030F8F}
		{E1A372D1-5A8A-4B12-AFD1-C7848BA35DFF} = {346A6533-4020-49ED-BFA7-B797526274D1}
		{F59B4D63-FBE8-4BDC-A402-F523E966B775} = {346A6533-4020-49ED-BFA7-B797526274D1}
		{0A126649-EA3C-44A9-A50E-15D87BCC9339} = {ED93DCDF-6DA9-48CD-A0C2-F7DDB1887941}
		{36CF4CE7-22A6-45B5-B76F-A9A0AF096D5F} = {346A6533-4020-49ED-BFA7-B797526274D1}
		{F1A52933-F381-4AE9-B8FC-AE17DF44A142} = {346A6533-4020-49ED-BFA7-B797526274D1}
		{C398A8CE-BEC7-464B-B723-7FC6A1FB5372} = {346A6533-4020-49ED-BFA7-B797526274D1}
		{1CEA6394-5223-466B-89E5-E9047D884C1A} = {346A6533-4020-49ED-BFA7-B797526274D1}
		{07DC5BF6-3261-4764-9651-9096C9C5D2F0} = {346A6533-4020-49ED-BFA7-B797526274D1}
		{2D0228DA-D7AD-487C-AF9C-805164A190E0} = {346A6533-4020-49ED-BFA7-B797526274D1}
		{72FE0AF8-80DD-46B8-A5FC-80FB19E45707} = {346A6533-4020-49ED-BFA7-B797526274D1}
		{555F9AF0-0CE5-4228-90E1-7E1CA4D986F7} = {346A6533-4020-49ED-BFA7-B797526274D1}
		{A96307B6-F83B-4B31-B793-8970EE44C9F7} = {ED93DCDF-6DA9-48CD-A0C2-F7DDB1887941}
		{AAE4E03C-5C5E-43A8-9BA5-F56B84C9C131} = {346A6533-4020-49ED-BFA7-B797526274D1}
		{FFF940C6-B0A2-4943-A70F-7A7D0D558ABD} = {ED93DCDF-6DA9-48CD-A0C2-F7DDB1887941}
		{31B863C0-5E5B-46E7-9793-E88A41E437D7} = {ED93DCDF-6DA9-48CD-A0C2-F7DDB1887941}
		{8B09FCE6-B320-4487-B6C8-EF15BB0F819B} = {ED93DCDF-6DA9-48CD-A0C2-F7DDB1887941}
		{263344A0-60A6-44B8-8D6F-9907090754D0} = {5442B967-5785-41F3-8F7C-531215030F8F}
		{CB480522-C847-4EFD-A5AB-B312033CC61C} = {ED93DCDF-6DA9-48CD-A0C2-F7DDB1887941}
		{1501F651-E648-41AB-AC77-04849D17FD3D} = {346A6533-4020-49ED-BFA7-B797526274D1}
		{A5FCF387-4A41-42CC-83AB-6E926F31D907} = {346A6533-4020-49ED-BFA7-B797526274D1}
		{9E139539-C272-488A-BFCF-CADDF458DF9D} = {5442B967-5785-41F3-8F7C-531215030F8F}
		{F1245762-8F7F-49DF-8001-711752A48165} = {ED93DCDF-6DA9-48CD-A0C2-F7DDB1887941}
		{A62632E9-7209-4129-B539-528C431A1E2C} = {ED93DCDF-6DA9-48CD-A0C2-F7DDB1887941}
		{67367C5A-F593-4C6E-A7E5-88C822FB3392} = {5442B967-5785-41F3-8F7C-531215030F8F}
		{676B28B7-418B-41EA-9875-6176A92017AF} = {67367C5A-F593-4C6E-A7E5-88C822FB3392}
		{2F9CB5B8-D67E-4A84-86E2-176456B75D2E} = {67367C5A-F593-4C6E-A7E5-88C822FB3392}
		{17878F61-2D09-4C75-8735-F4165BBB6D98} = {67367C5A-F593-4C6E-A7E5-88C822FB3392}
		{092347E4-A6B7-4720-8AB0-17754CFDDB6F} = {ED93DCDF-6DA9-48CD-A0C2-F7DDB1887941}
		{69216CAF-902E-4FB0-A35C-4922AAFC7E19} = {ED93DCDF-6DA9-48CD-A0C2-F7DDB1887941}
		{35AADAC3-866B-4E35-AD92-D7076ADB2930} = {67367C5A-F593-4C6E-A7E5-88C822FB3392}
		{A749FD61-D3F1-4E47-8815-D0F8F807B367} = {ED93DCDF-6DA9-48CD-A0C2-F7DDB1887941}
		{11EFFC69-5C4A-410A-8F13-040F66878958} = {ED93DCDF-6DA9-48CD-A0C2-F7DDB1887941}
		{B8FD6D7D-3700-4DAF-A7A1-9FF1D86C1ACE} = {5442B967-5785-41F3-8F7C-531215030F8F}
		{BF640616-4953-47C5-8BEC-613A645CFDD1} = {5442B967-5785-41F3-8F7C-531215030F8F}
		{167D2B19-F361-4093-8E1F-61D5778F5C5D} = {5442B967-5785-41F3-8F7C-531215030F8F}
		{4F2DE537-AF0F-4327-A979-FFBA3EF2541B} = {346A6533-4020-49ED-BFA7-B797526274D1}
		{F2C4600B-783C-42B5-9D83-A0256E3E5400} = {ED93DCDF-6DA9-48CD-A0C2-F7DDB1887941}
		{D246A3B1-8ADF-42A4-AD6E-A5B7DB0A2FA2} = {ED93DCDF-6DA9-48CD-A0C2-F7DDB1887941}
		{D2BB64CC-DC96-499A-B27C-460C315A2553} = {ED93DCDF-6DA9-48CD-A0C2-F7DDB1887941}
		{7C828CC9-C65D-4530-9ABE-7D040B289996} = {346A6533-4020-49ED-BFA7-B797526274D1}
	EndGlobalSection
	GlobalSection(ExtensibilityGlobals) = postSolution
		SolutionGuid = {0D6AE7F9-0EC8-413A-B82D-780C1B597CFD}
		BuildVersion_StartDate = 2000/1/1
		BuildVersion_DetectChanges = True
		EnterpriseLibraryConfigurationToolBinariesPathV6 = packages\EnterpriseLibrary.Common.6.0.1304.0\lib\NET45;packages\EnterpriseLibrary.ExceptionHandling.6.0.1304.0\lib\NET45;packages\EnterpriseLibrary.Logging.6.0.1304.0\lib\NET45;packages\EnterpriseLibrary.ExceptionHandling.Logging.6.0.1304.0\lib\NET45
	EndGlobalSection
EndGlobal
